// !$*UTF8*$!
{
	archiveVersion = 1;
	classes = {
	};
	objectVersion = 48;
	objects = {

/* Begin PBXBuildFile section */
		F00EBDE3203C1F1600125618 /* AppDelegate.swift in Sources */ = {isa = PBXBuildFile; fileRef = F00EBDE2203C1F1600125618 /* AppDelegate.swift */; };
		F00EBDE8203C1F1600125618 /* Main.storyboard in Resources */ = {isa = PBXBuildFile; fileRef = F00EBDE6203C1F1600125618 /* Main.storyboard */; };
		F00EBDEA203C1F1600125618 /* Assets.xcassets in Resources */ = {isa = PBXBuildFile; fileRef = F00EBDE9203C1F1600125618 /* Assets.xcassets */; };
		F00EBDED203C1F1600125618 /* LaunchScreen.storyboard in Resources */ = {isa = PBXBuildFile; fileRef = F00EBDEB203C1F1600125618 /* LaunchScreen.storyboard */; };
		F00EBDF8203C1F1600125618 /* maths_appTests.swift in Sources */ = {isa = PBXBuildFile; fileRef = F00EBDF7203C1F1600125618 /* maths_appTests.swift */; };
		F00EBE03203C1F1600125618 /* maths_appUITests.swift in Sources */ = {isa = PBXBuildFile; fileRef = F00EBE02203C1F1600125618 /* maths_appUITests.swift */; };
		F00EBE16203C215000125618 /* Constants.swift in Sources */ = {isa = PBXBuildFile; fileRef = F00EBE15203C215000125618 /* Constants.swift */; };
		F00EBE18203C235700125618 /* AuthorisationService.swift in Sources */ = {isa = PBXBuildFile; fileRef = F00EBE17203C235700125618 /* AuthorisationService.swift */; };
		F00EBE1A203C46BE00125618 /* InitialViewController.swift in Sources */ = {isa = PBXBuildFile; fileRef = F00EBE19203C46BE00125618 /* InitialViewController.swift */; };
		F00EBE1C203C4B2700125618 /* MenuViewController.swift in Sources */ = {isa = PBXBuildFile; fileRef = F00EBE1B203C4B2700125618 /* MenuViewController.swift */; };
		F00EBE1E203C4B3B00125618 /* LoginViewController.swift in Sources */ = {isa = PBXBuildFile; fileRef = F00EBE1D203C4B3B00125618 /* LoginViewController.swift */; };
		F00EBE20203C4B4E00125618 /* RegisterViewController.swift in Sources */ = {isa = PBXBuildFile; fileRef = F00EBE1F203C4B4E00125618 /* RegisterViewController.swift */; };
		F00EBE22203C4E5A00125618 /* HomeViewController.swift in Sources */ = {isa = PBXBuildFile; fileRef = F00EBE21203C4E5A00125618 /* HomeViewController.swift */; };
		F00EBE25203C792600125618 /* View+Extension.swift in Sources */ = {isa = PBXBuildFile; fileRef = F00EBE24203C792600125618 /* View+Extension.swift */; };
		F00EBE27203C7CBB00125618 /* RoundedButton.swift in Sources */ = {isa = PBXBuildFile; fileRef = F00EBE26203C7CBB00125618 /* RoundedButton.swift */; };
		F00EBE29203C808B00125618 /* UIButton+Extensions.swift in Sources */ = {isa = PBXBuildFile; fileRef = F00EBE28203C808B00125618 /* UIButton+Extensions.swift */; };
		F00EBE2B203D7B2D00125618 /* onboarding.xib in Resources */ = {isa = PBXBuildFile; fileRef = F00EBE2A203D7B2D00125618 /* onboarding.xib */; };
		F00EBE33203D80A900125618 /* onboardingView.swift in Sources */ = {isa = PBXBuildFile; fileRef = F00EBE32203D80A900125618 /* onboardingView.swift */; };
		F00EBE34203D9BAB00125618 /* AuthorisationService.swift in Sources */ = {isa = PBXBuildFile; fileRef = F00EBE17203C235700125618 /* AuthorisationService.swift */; };
		F00EBE35203D9BAD00125618 /* AuthorisationService.swift in Sources */ = {isa = PBXBuildFile; fileRef = F00EBE17203C235700125618 /* AuthorisationService.swift */; };
		F00EBE36203D9BD000125618 /* Constants.swift in Sources */ = {isa = PBXBuildFile; fileRef = F00EBE15203C215000125618 /* Constants.swift */; };
		F00EBE37203D9BD000125618 /* Constants.swift in Sources */ = {isa = PBXBuildFile; fileRef = F00EBE15203C215000125618 /* Constants.swift */; };
		F07AFCED2048436000F37658 /* UILabel+Extensions.swift in Sources */ = {isa = PBXBuildFile; fileRef = F07AFCEC2048436000F37658 /* UILabel+Extensions.swift */; };
		F07AFCEF204D5ADE00F37658 /* menuCellCollectionViewCell.swift in Sources */ = {isa = PBXBuildFile; fileRef = F07AFCEE204D5ADE00F37658 /* menuCellCollectionViewCell.swift */; };
		F07AFCF1204D7D5C00F37658 /* SubTopicViewController.swift in Sources */ = {isa = PBXBuildFile; fileRef = F07AFCF0204D7D5C00F37658 /* SubTopicViewController.swift */; };
		F07AFCF3204D81F600F37658 /* SubTopicCell.swift in Sources */ = {isa = PBXBuildFile; fileRef = F07AFCF2204D81F500F37658 /* SubTopicCell.swift */; };
		F07AFCF5204D9A3F00F37658 /* HelpPromptViewController.swift in Sources */ = {isa = PBXBuildFile; fileRef = F07AFCF4204D9A3F00F37658 /* HelpPromptViewController.swift */; };
		F0F854BB20459931007A794A /* Topics.swift in Sources */ = {isa = PBXBuildFile; fileRef = F0F854BA20459931007A794A /* Topics.swift */; };
		F0F854BD20459B8B007A794A /* DataService.swift in Sources */ = {isa = PBXBuildFile; fileRef = F0F854BC20459B8B007A794A /* DataService.swift */; };
		F0F854C12045B3A8007A794A /* Topic.swift in Sources */ = {isa = PBXBuildFile; fileRef = F0F854C02045B3A8007A794A /* Topic.swift */; };
		F0F854C32045B3B9007A794A /* SubTopic.swift in Sources */ = {isa = PBXBuildFile; fileRef = F0F854C22045B3B9007A794A /* SubTopic.swift */; };
		F0F854C52045B3C7007A794A /* Question.swift in Sources */ = {isa = PBXBuildFile; fileRef = F0F854C42045B3C7007A794A /* Question.swift */; };
		F0F854C72045B3D1007A794A /* Answer.swift in Sources */ = {isa = PBXBuildFile; fileRef = F0F854C62045B3D1007A794A /* Answer.swift */; };
		F0F854CB2046C483007A794A /* slightRoundedButtons.swift in Sources */ = {isa = PBXBuildFile; fileRef = F0F854CA2046C483007A794A /* slightRoundedButtons.swift */; };
		F0F854CD2046C71D007A794A /* slightRoundedView.swift in Sources */ = {isa = PBXBuildFile; fileRef = F0F854CC2046C71D007A794A /* slightRoundedView.swift */; };
		F0F854CF2046DB1A007A794A /* UIView+Extensions.swift in Sources */ = {isa = PBXBuildFile; fileRef = F0F854CE2046DB1A007A794A /* UIView+Extensions.swift */; };
		F0F854D120470640007A794A /* InputAnswerViewController.swift in Sources */ = {isa = PBXBuildFile; fileRef = F0F854D020470640007A794A /* InputAnswerViewController.swift */; };
		F0F854D520470811007A794A /* MultipleChoiceViewController.swift in Sources */ = {isa = PBXBuildFile; fileRef = F0F854D420470811007A794A /* MultipleChoiceViewController.swift */; };
/* End PBXBuildFile section */

/* Begin PBXContainerItemProxy section */
		F00EBDF4203C1F1600125618 /* PBXContainerItemProxy */ = {
			isa = PBXContainerItemProxy;
			containerPortal = F00EBDD7203C1F1600125618 /* Project object */;
			proxyType = 1;
			remoteGlobalIDString = F00EBDDE203C1F1600125618;
			remoteInfo = "maths-app";
		};
		F00EBDFF203C1F1600125618 /* PBXContainerItemProxy */ = {
			isa = PBXContainerItemProxy;
			containerPortal = F00EBDD7203C1F1600125618 /* Project object */;
			proxyType = 1;
			remoteGlobalIDString = F00EBDDE203C1F1600125618;
			remoteInfo = "maths-app";
		};
/* End PBXContainerItemProxy section */

/* Begin PBXFileReference section */
		F00EBDDF203C1F1600125618 /* maths-app.app */ = {isa = PBXFileReference; explicitFileType = wrapper.application; includeInIndex = 0; path = "maths-app.app"; sourceTree = BUILT_PRODUCTS_DIR; };
		F00EBDE2203C1F1600125618 /* AppDelegate.swift */ = {isa = PBXFileReference; lastKnownFileType = sourcecode.swift; path = AppDelegate.swift; sourceTree = "<group>"; };
		F00EBDE7203C1F1600125618 /* Base */ = {isa = PBXFileReference; lastKnownFileType = file.storyboard; name = Base; path = Base.lproj/Main.storyboard; sourceTree = "<group>"; };
		F00EBDE9203C1F1600125618 /* Assets.xcassets */ = {isa = PBXFileReference; lastKnownFileType = folder.assetcatalog; path = Assets.xcassets; sourceTree = "<group>"; };
		F00EBDEC203C1F1600125618 /* Base */ = {isa = PBXFileReference; lastKnownFileType = file.storyboard; name = Base; path = Base.lproj/LaunchScreen.storyboard; sourceTree = "<group>"; };
		F00EBDEE203C1F1600125618 /* Info.plist */ = {isa = PBXFileReference; lastKnownFileType = text.plist.xml; path = Info.plist; sourceTree = "<group>"; };
		F00EBDF3203C1F1600125618 /* maths-appTests.xctest */ = {isa = PBXFileReference; explicitFileType = wrapper.cfbundle; includeInIndex = 0; path = "maths-appTests.xctest"; sourceTree = BUILT_PRODUCTS_DIR; };
		F00EBDF7203C1F1600125618 /* maths_appTests.swift */ = {isa = PBXFileReference; lastKnownFileType = sourcecode.swift; path = maths_appTests.swift; sourceTree = "<group>"; };
		F00EBDF9203C1F1600125618 /* Info.plist */ = {isa = PBXFileReference; lastKnownFileType = text.plist.xml; path = Info.plist; sourceTree = "<group>"; };
		F00EBDFE203C1F1600125618 /* maths-appUITests.xctest */ = {isa = PBXFileReference; explicitFileType = wrapper.cfbundle; includeInIndex = 0; path = "maths-appUITests.xctest"; sourceTree = BUILT_PRODUCTS_DIR; };
		F00EBE02203C1F1600125618 /* maths_appUITests.swift */ = {isa = PBXFileReference; lastKnownFileType = sourcecode.swift; path = maths_appUITests.swift; sourceTree = "<group>"; };
		F00EBE04203C1F1600125618 /* Info.plist */ = {isa = PBXFileReference; lastKnownFileType = text.plist.xml; path = Info.plist; sourceTree = "<group>"; };
		F00EBE15203C215000125618 /* Constants.swift */ = {isa = PBXFileReference; lastKnownFileType = sourcecode.swift; path = Constants.swift; sourceTree = "<group>"; };
		F00EBE17203C235700125618 /* AuthorisationService.swift */ = {isa = PBXFileReference; lastKnownFileType = sourcecode.swift; path = AuthorisationService.swift; sourceTree = "<group>"; };
		F00EBE19203C46BE00125618 /* InitialViewController.swift */ = {isa = PBXFileReference; lastKnownFileType = sourcecode.swift; path = InitialViewController.swift; sourceTree = "<group>"; };
		F00EBE1B203C4B2700125618 /* MenuViewController.swift */ = {isa = PBXFileReference; lastKnownFileType = sourcecode.swift; path = MenuViewController.swift; sourceTree = "<group>"; };
		F00EBE1D203C4B3B00125618 /* LoginViewController.swift */ = {isa = PBXFileReference; lastKnownFileType = sourcecode.swift; path = LoginViewController.swift; sourceTree = "<group>"; };
		F00EBE1F203C4B4E00125618 /* RegisterViewController.swift */ = {isa = PBXFileReference; lastKnownFileType = sourcecode.swift; path = RegisterViewController.swift; sourceTree = "<group>"; };
		F00EBE21203C4E5A00125618 /* HomeViewController.swift */ = {isa = PBXFileReference; lastKnownFileType = sourcecode.swift; path = HomeViewController.swift; sourceTree = "<group>"; };
		F00EBE24203C792600125618 /* View+Extension.swift */ = {isa = PBXFileReference; lastKnownFileType = sourcecode.swift; path = "View+Extension.swift"; sourceTree = "<group>"; };
		F00EBE26203C7CBB00125618 /* RoundedButton.swift */ = {isa = PBXFileReference; lastKnownFileType = sourcecode.swift; path = RoundedButton.swift; sourceTree = "<group>"; };
		F00EBE28203C808B00125618 /* UIButton+Extensions.swift */ = {isa = PBXFileReference; lastKnownFileType = sourcecode.swift; path = "UIButton+Extensions.swift"; sourceTree = "<group>"; };
		F00EBE2A203D7B2D00125618 /* onboarding.xib */ = {isa = PBXFileReference; lastKnownFileType = file.xib; path = onboarding.xib; sourceTree = "<group>"; };
		F00EBE32203D80A900125618 /* onboardingView.swift */ = {isa = PBXFileReference; lastKnownFileType = sourcecode.swift; path = onboardingView.swift; sourceTree = "<group>"; };
		F07AFCEC2048436000F37658 /* UILabel+Extensions.swift */ = {isa = PBXFileReference; lastKnownFileType = sourcecode.swift; path = "UILabel+Extensions.swift"; sourceTree = "<group>"; };
		F07AFCEE204D5ADE00F37658 /* menuCellCollectionViewCell.swift */ = {isa = PBXFileReference; lastKnownFileType = sourcecode.swift; path = menuCellCollectionViewCell.swift; sourceTree = "<group>"; };
		F07AFCF0204D7D5C00F37658 /* SubTopicViewController.swift */ = {isa = PBXFileReference; lastKnownFileType = sourcecode.swift; path = SubTopicViewController.swift; sourceTree = "<group>"; };
		F07AFCF2204D81F500F37658 /* SubTopicCell.swift */ = {isa = PBXFileReference; lastKnownFileType = sourcecode.swift; path = SubTopicCell.swift; sourceTree = "<group>"; };
		F07AFCF4204D9A3F00F37658 /* HelpPromptViewController.swift */ = {isa = PBXFileReference; lastKnownFileType = sourcecode.swift; path = HelpPromptViewController.swift; sourceTree = "<group>"; };
		F0F854BA20459931007A794A /* Topics.swift */ = {isa = PBXFileReference; lastKnownFileType = sourcecode.swift; path = Topics.swift; sourceTree = "<group>"; };
		F0F854BC20459B8B007A794A /* DataService.swift */ = {isa = PBXFileReference; lastKnownFileType = sourcecode.swift; path = DataService.swift; sourceTree = "<group>"; };
		F0F854C02045B3A8007A794A /* Topic.swift */ = {isa = PBXFileReference; lastKnownFileType = sourcecode.swift; path = Topic.swift; sourceTree = "<group>"; };
		F0F854C22045B3B9007A794A /* SubTopic.swift */ = {isa = PBXFileReference; lastKnownFileType = sourcecode.swift; path = SubTopic.swift; sourceTree = "<group>"; };
		F0F854C42045B3C7007A794A /* Question.swift */ = {isa = PBXFileReference; lastKnownFileType = sourcecode.swift; path = Question.swift; sourceTree = "<group>"; };
		F0F854C62045B3D1007A794A /* Answer.swift */ = {isa = PBXFileReference; lastKnownFileType = sourcecode.swift; path = Answer.swift; sourceTree = "<group>"; };
		F0F854CA2046C483007A794A /* slightRoundedButtons.swift */ = {isa = PBXFileReference; lastKnownFileType = sourcecode.swift; path = slightRoundedButtons.swift; sourceTree = "<group>"; };
		F0F854CC2046C71D007A794A /* slightRoundedView.swift */ = {isa = PBXFileReference; lastKnownFileType = sourcecode.swift; path = slightRoundedView.swift; sourceTree = "<group>"; };
		F0F854CE2046DB1A007A794A /* UIView+Extensions.swift */ = {isa = PBXFileReference; lastKnownFileType = sourcecode.swift; path = "UIView+Extensions.swift"; sourceTree = "<group>"; };
		F0F854D020470640007A794A /* InputAnswerViewController.swift */ = {isa = PBXFileReference; lastKnownFileType = sourcecode.swift; path = InputAnswerViewController.swift; sourceTree = "<group>"; };
		F0F854D420470811007A794A /* MultipleChoiceViewController.swift */ = {isa = PBXFileReference; fileEncoding = 4; lastKnownFileType = sourcecode.swift; path = MultipleChoiceViewController.swift; sourceTree = "<group>"; };
/* End PBXFileReference section */

/* Begin PBXFrameworksBuildPhase section */
		F00EBDDC203C1F1600125618 /* Frameworks */ = {
			isa = PBXFrameworksBuildPhase;
			buildActionMask = 2147483647;
			files = (
			);
			runOnlyForDeploymentPostprocessing = 0;
		};
		F00EBDF0203C1F1600125618 /* Frameworks */ = {
			isa = PBXFrameworksBuildPhase;
			buildActionMask = 2147483647;
			files = (
			);
			runOnlyForDeploymentPostprocessing = 0;
		};
		F00EBDFB203C1F1600125618 /* Frameworks */ = {
			isa = PBXFrameworksBuildPhase;
			buildActionMask = 2147483647;
			files = (
			);
			runOnlyForDeploymentPostprocessing = 0;
		};
/* End PBXFrameworksBuildPhase section */

/* Begin PBXGroup section */
		F00EBDD6203C1F1600125618 = {
			isa = PBXGroup;
			children = (
				F00EBE23203C790C00125618 /* Extensions */,
				F00EBE14203C1FAA00125618 /* Services */,
				F00EBE13203C1FA200125618 /* Controller */,
				F00EBE12203C1F8C00125618 /* View */,
				F00EBE11203C1F8800125618 /* Model */,
				F00EBE10203C1F7A00125618 /* Resources */,
				F00EBDE1203C1F1600125618 /* maths-app */,
				F00EBDF6203C1F1600125618 /* maths-appTests */,
				F00EBE01203C1F1600125618 /* maths-appUITests */,
				F00EBDE0203C1F1600125618 /* Products */,
			);
			sourceTree = "<group>";
		};
		F00EBDE0203C1F1600125618 /* Products */ = {
			isa = PBXGroup;
			children = (
				F00EBDDF203C1F1600125618 /* maths-app.app */,
				F00EBDF3203C1F1600125618 /* maths-appTests.xctest */,
				F00EBDFE203C1F1600125618 /* maths-appUITests.xctest */,
			);
			name = Products;
			sourceTree = "<group>";
		};
		F00EBDE1203C1F1600125618 /* maths-app */ = {
			isa = PBXGroup;
			children = (
			);
			path = "maths-app";
			sourceTree = "<group>";
		};
		F00EBDF6203C1F1600125618 /* maths-appTests */ = {
			isa = PBXGroup;
			children = (
				F00EBDF7203C1F1600125618 /* maths_appTests.swift */,
				F00EBDF9203C1F1600125618 /* Info.plist */,
			);
			path = "maths-appTests";
			sourceTree = "<group>";
		};
		F00EBE01203C1F1600125618 /* maths-appUITests */ = {
			isa = PBXGroup;
			children = (
				F00EBE02203C1F1600125618 /* maths_appUITests.swift */,
				F00EBE04203C1F1600125618 /* Info.plist */,
			);
			path = "maths-appUITests";
			sourceTree = "<group>";
		};
		F00EBE10203C1F7A00125618 /* Resources */ = {
			isa = PBXGroup;
			children = (
				F00EBDE9203C1F1600125618 /* Assets.xcassets */,
				F00EBDEE203C1F1600125618 /* Info.plist */,
				F00EBE15203C215000125618 /* Constants.swift */,
			);
			path = Resources;
			sourceTree = "<group>";
		};
		F00EBE11203C1F8800125618 /* Model */ = {
			isa = PBXGroup;
			children = (
				F0F854BA20459931007A794A /* Topics.swift */,
				F0F854C02045B3A8007A794A /* Topic.swift */,
				F0F854C22045B3B9007A794A /* SubTopic.swift */,
				F0F854C42045B3C7007A794A /* Question.swift */,
				F0F854C62045B3D1007A794A /* Answer.swift */,
			);
			path = Model;
			sourceTree = "<group>";
		};
		F00EBE12203C1F8C00125618 /* View */ = {
			isa = PBXGroup;
			children = (
				F0F854CA2046C483007A794A /* slightRoundedButtons.swift */,
				F00EBDEB203C1F1600125618 /* LaunchScreen.storyboard */,
				F00EBDE6203C1F1600125618 /* Main.storyboard */,
				F00EBE26203C7CBB00125618 /* RoundedButton.swift */,
				F00EBE2A203D7B2D00125618 /* onboarding.xib */,
				F00EBE32203D80A900125618 /* onboardingView.swift */,
				F0F854CC2046C71D007A794A /* slightRoundedView.swift */,
				F07AFCEE204D5ADE00F37658 /* menuCellCollectionViewCell.swift */,
				F07AFCF2204D81F500F37658 /* SubTopicCell.swift */,
			);
			path = View;
			sourceTree = "<group>";
		};
		F00EBE13203C1FA200125618 /* Controller */ = {
			isa = PBXGroup;
			children = (
				F0F854D420470811007A794A /* MultipleChoiceViewController.swift */,
				F00EBDE2203C1F1600125618 /* AppDelegate.swift */,
				F00EBE19203C46BE00125618 /* InitialViewController.swift */,
				F00EBE1B203C4B2700125618 /* MenuViewController.swift */,
				F00EBE1D203C4B3B00125618 /* LoginViewController.swift */,
				F00EBE1F203C4B4E00125618 /* RegisterViewController.swift */,
				F00EBE21203C4E5A00125618 /* HomeViewController.swift */,
				F0F854D020470640007A794A /* InputAnswerViewController.swift */,
				F07AFCF0204D7D5C00F37658 /* SubTopicViewController.swift */,
				F07AFCF4204D9A3F00F37658 /* HelpPromptViewController.swift */,
			);
			path = Controller;
			sourceTree = "<group>";
		};
		F00EBE14203C1FAA00125618 /* Services */ = {
			isa = PBXGroup;
			children = (
				F00EBE17203C235700125618 /* AuthorisationService.swift */,
				F0F854BC20459B8B007A794A /* DataService.swift */,
			);
			path = Services;
			sourceTree = "<group>";
		};
		F00EBE23203C790C00125618 /* Extensions */ = {
			isa = PBXGroup;
			children = (
				F00EBE24203C792600125618 /* View+Extension.swift */,
				F00EBE28203C808B00125618 /* UIButton+Extensions.swift */,
				F0F854CE2046DB1A007A794A /* UIView+Extensions.swift */,
				F07AFCEC2048436000F37658 /* UILabel+Extensions.swift */,
			);
			path = Extensions;
			sourceTree = "<group>";
		};
/* End PBXGroup section */

/* Begin PBXNativeTarget section */
		F00EBDDE203C1F1600125618 /* maths-app */ = {
			isa = PBXNativeTarget;
			buildConfigurationList = F00EBE07203C1F1700125618 /* Build configuration list for PBXNativeTarget "maths-app" */;
			buildPhases = (
				F00EBDDB203C1F1600125618 /* Sources */,
				F00EBDDC203C1F1600125618 /* Frameworks */,
				F00EBDDD203C1F1600125618 /* Resources */,
			);
			buildRules = (
			);
			dependencies = (
			);
			name = "maths-app";
			productName = "maths-app";
			productReference = F00EBDDF203C1F1600125618 /* maths-app.app */;
			productType = "com.apple.product-type.application";
		};
		F00EBDF2203C1F1600125618 /* maths-appTests */ = {
			isa = PBXNativeTarget;
			buildConfigurationList = F00EBE0A203C1F1700125618 /* Build configuration list for PBXNativeTarget "maths-appTests" */;
			buildPhases = (
				F00EBDEF203C1F1600125618 /* Sources */,
				F00EBDF0203C1F1600125618 /* Frameworks */,
				F00EBDF1203C1F1600125618 /* Resources */,
			);
			buildRules = (
			);
			dependencies = (
				F00EBDF5203C1F1600125618 /* PBXTargetDependency */,
			);
			name = "maths-appTests";
			productName = "maths-appTests";
			productReference = F00EBDF3203C1F1600125618 /* maths-appTests.xctest */;
			productType = "com.apple.product-type.bundle.unit-test";
		};
		F00EBDFD203C1F1600125618 /* maths-appUITests */ = {
			isa = PBXNativeTarget;
			buildConfigurationList = F00EBE0D203C1F1700125618 /* Build configuration list for PBXNativeTarget "maths-appUITests" */;
			buildPhases = (
				F00EBDFA203C1F1600125618 /* Sources */,
				F00EBDFB203C1F1600125618 /* Frameworks */,
				F00EBDFC203C1F1600125618 /* Resources */,
			);
			buildRules = (
			);
			dependencies = (
				F00EBE00203C1F1600125618 /* PBXTargetDependency */,
			);
			name = "maths-appUITests";
			productName = "maths-appUITests";
			productReference = F00EBDFE203C1F1600125618 /* maths-appUITests.xctest */;
			productType = "com.apple.product-type.bundle.ui-testing";
		};
/* End PBXNativeTarget section */

/* Begin PBXProject section */
		F00EBDD7203C1F1600125618 /* Project object */ = {
			isa = PBXProject;
			attributes = {
				LastSwiftUpdateCheck = 0920;
				LastUpgradeCheck = 0920;
				ORGANIZATIONNAME = landahoy55;
				TargetAttributes = {
					F00EBDDE203C1F1600125618 = {
						CreatedOnToolsVersion = 9.2;
						ProvisioningStyle = Automatic;
					};
					F00EBDF2203C1F1600125618 = {
						CreatedOnToolsVersion = 9.2;
						ProvisioningStyle = Automatic;
						TestTargetID = F00EBDDE203C1F1600125618;
					};
					F00EBDFD203C1F1600125618 = {
						CreatedOnToolsVersion = 9.2;
						ProvisioningStyle = Automatic;
						TestTargetID = F00EBDDE203C1F1600125618;
					};
				};
			};
			buildConfigurationList = F00EBDDA203C1F1600125618 /* Build configuration list for PBXProject "maths-app" */;
			compatibilityVersion = "Xcode 8.0";
			developmentRegion = en;
			hasScannedForEncodings = 0;
			knownRegions = (
				en,
				Base,
			);
			mainGroup = F00EBDD6203C1F1600125618;
			productRefGroup = F00EBDE0203C1F1600125618 /* Products */;
			projectDirPath = "";
			projectRoot = "";
			targets = (
				F00EBDDE203C1F1600125618 /* maths-app */,
				F00EBDF2203C1F1600125618 /* maths-appTests */,
				F00EBDFD203C1F1600125618 /* maths-appUITests */,
			);
		};
/* End PBXProject section */

/* Begin PBXResourcesBuildPhase section */
		F00EBDDD203C1F1600125618 /* Resources */ = {
			isa = PBXResourcesBuildPhase;
			buildActionMask = 2147483647;
			files = (
				F00EBDED203C1F1600125618 /* LaunchScreen.storyboard in Resources */,
				F00EBDEA203C1F1600125618 /* Assets.xcassets in Resources */,
				F00EBE2B203D7B2D00125618 /* onboarding.xib in Resources */,
				F00EBDE8203C1F1600125618 /* Main.storyboard in Resources */,
			);
			runOnlyForDeploymentPostprocessing = 0;
		};
		F00EBDF1203C1F1600125618 /* Resources */ = {
			isa = PBXResourcesBuildPhase;
			buildActionMask = 2147483647;
			files = (
			);
			runOnlyForDeploymentPostprocessing = 0;
		};
		F00EBDFC203C1F1600125618 /* Resources */ = {
			isa = PBXResourcesBuildPhase;
			buildActionMask = 2147483647;
			files = (
			);
			runOnlyForDeploymentPostprocessing = 0;
		};
/* End PBXResourcesBuildPhase section */

/* Begin PBXSourcesBuildPhase section */
		F00EBDDB203C1F1600125618 /* Sources */ = {
			isa = PBXSourcesBuildPhase;
			buildActionMask = 2147483647;
			files = (
				F0F854CB2046C483007A794A /* slightRoundedButtons.swift in Sources */,
				F00EBE1E203C4B3B00125618 /* LoginViewController.swift in Sources */,
				F0F854CF2046DB1A007A794A /* UIView+Extensions.swift in Sources */,
				F07AFCEF204D5ADE00F37658 /* menuCellCollectionViewCell.swift in Sources */,
				F0F854BD20459B8B007A794A /* DataService.swift in Sources */,
				F0F854D120470640007A794A /* InputAnswerViewController.swift in Sources */,
				F00EBE27203C7CBB00125618 /* RoundedButton.swift in Sources */,
				F0F854C52045B3C7007A794A /* Question.swift in Sources */,
				F00EBDE3203C1F1600125618 /* AppDelegate.swift in Sources */,
				F00EBE20203C4B4E00125618 /* RegisterViewController.swift in Sources */,
				F0F854C12045B3A8007A794A /* Topic.swift in Sources */,
				F00EBE22203C4E5A00125618 /* HomeViewController.swift in Sources */,
				F00EBE1C203C4B2700125618 /* MenuViewController.swift in Sources */,
				F07AFCED2048436000F37658 /* UILabel+Extensions.swift in Sources */,
				F0F854D520470811007A794A /* MultipleChoiceViewController.swift in Sources */,
				F0F854CD2046C71D007A794A /* slightRoundedView.swift in Sources */,
				F00EBE18203C235700125618 /* AuthorisationService.swift in Sources */,
				F00EBE16203C215000125618 /* Constants.swift in Sources */,
				F0F854BB20459931007A794A /* Topics.swift in Sources */,
				F07AFCF5204D9A3F00F37658 /* HelpPromptViewController.swift in Sources */,
				F07AFCF1204D7D5C00F37658 /* SubTopicViewController.swift in Sources */,
				F00EBE25203C792600125618 /* View+Extension.swift in Sources */,
				F0F854C72045B3D1007A794A /* Answer.swift in Sources */,
				F07AFCF3204D81F600F37658 /* SubTopicCell.swift in Sources */,
				F00EBE29203C808B00125618 /* UIButton+Extensions.swift in Sources */,
				F00EBE33203D80A900125618 /* onboardingView.swift in Sources */,
				F00EBE1A203C46BE00125618 /* InitialViewController.swift in Sources */,
				F0F854C32045B3B9007A794A /* SubTopic.swift in Sources */,
			);
			runOnlyForDeploymentPostprocessing = 0;
		};
		F00EBDEF203C1F1600125618 /* Sources */ = {
			isa = PBXSourcesBuildPhase;
			buildActionMask = 2147483647;
			files = (
				F00EBE34203D9BAB00125618 /* AuthorisationService.swift in Sources */,
				F00EBDF8203C1F1600125618 /* maths_appTests.swift in Sources */,
				F00EBE36203D9BD000125618 /* Constants.swift in Sources */,
			);
			runOnlyForDeploymentPostprocessing = 0;
		};
		F00EBDFA203C1F1600125618 /* Sources */ = {
			isa = PBXSourcesBuildPhase;
			buildActionMask = 2147483647;
			files = (
				F00EBE35203D9BAD00125618 /* AuthorisationService.swift in Sources */,
				F00EBE03203C1F1600125618 /* maths_appUITests.swift in Sources */,
				F00EBE37203D9BD000125618 /* Constants.swift in Sources */,
			);
			runOnlyForDeploymentPostprocessing = 0;
		};
/* End PBXSourcesBuildPhase section */

/* Begin PBXTargetDependency section */
		F00EBDF5203C1F1600125618 /* PBXTargetDependency */ = {
			isa = PBXTargetDependency;
			target = F00EBDDE203C1F1600125618 /* maths-app */;
			targetProxy = F00EBDF4203C1F1600125618 /* PBXContainerItemProxy */;
		};
		F00EBE00203C1F1600125618 /* PBXTargetDependency */ = {
			isa = PBXTargetDependency;
			target = F00EBDDE203C1F1600125618 /* maths-app */;
			targetProxy = F00EBDFF203C1F1600125618 /* PBXContainerItemProxy */;
		};
/* End PBXTargetDependency section */

/* Begin PBXVariantGroup section */
		F00EBDE6203C1F1600125618 /* Main.storyboard */ = {
			isa = PBXVariantGroup;
			children = (
				F00EBDE7203C1F1600125618 /* Base */,
			);
			name = Main.storyboard;
			sourceTree = "<group>";
		};
		F00EBDEB203C1F1600125618 /* LaunchScreen.storyboard */ = {
			isa = PBXVariantGroup;
			children = (
				F00EBDEC203C1F1600125618 /* Base */,
			);
			name = LaunchScreen.storyboard;
			sourceTree = "<group>";
		};
/* End PBXVariantGroup section */

/* Begin XCBuildConfiguration section */
		F00EBE05203C1F1700125618 /* Debug */ = {
			isa = XCBuildConfiguration;
			buildSettings = {
				ALWAYS_SEARCH_USER_PATHS = NO;
				CLANG_ANALYZER_NONNULL = YES;
				CLANG_ANALYZER_NUMBER_OBJECT_CONVERSION = YES_AGGRESSIVE;
				CLANG_CXX_LANGUAGE_STANDARD = "gnu++14";
				CLANG_CXX_LIBRARY = "libc++";
				CLANG_ENABLE_MODULES = YES;
				CLANG_ENABLE_OBJC_ARC = YES;
				CLANG_WARN_BLOCK_CAPTURE_AUTORELEASING = YES;
				CLANG_WARN_BOOL_CONVERSION = YES;
				CLANG_WARN_COMMA = YES;
				CLANG_WARN_CONSTANT_CONVERSION = YES;
				CLANG_WARN_DIRECT_OBJC_ISA_USAGE = YES_ERROR;
				CLANG_WARN_DOCUMENTATION_COMMENTS = YES;
				CLANG_WARN_EMPTY_BODY = YES;
				CLANG_WARN_ENUM_CONVERSION = YES;
				CLANG_WARN_INFINITE_RECURSION = YES;
				CLANG_WARN_INT_CONVERSION = YES;
				CLANG_WARN_NON_LITERAL_NULL_CONVERSION = YES;
				CLANG_WARN_OBJC_LITERAL_CONVERSION = YES;
				CLANG_WARN_OBJC_ROOT_CLASS = YES_ERROR;
				CLANG_WARN_RANGE_LOOP_ANALYSIS = YES;
				CLANG_WARN_STRICT_PROTOTYPES = YES;
				CLANG_WARN_SUSPICIOUS_MOVE = YES;
				CLANG_WARN_UNGUARDED_AVAILABILITY = YES_AGGRESSIVE;
				CLANG_WARN_UNREACHABLE_CODE = YES;
				CLANG_WARN__DUPLICATE_METHOD_MATCH = YES;
				CODE_SIGN_IDENTITY = "iPhone Developer";
				COPY_PHASE_STRIP = NO;
				DEBUG_INFORMATION_FORMAT = dwarf;
				ENABLE_STRICT_OBJC_MSGSEND = YES;
				ENABLE_TESTABILITY = YES;
				GCC_C_LANGUAGE_STANDARD = gnu11;
				GCC_DYNAMIC_NO_PIC = NO;
				GCC_NO_COMMON_BLOCKS = YES;
				GCC_OPTIMIZATION_LEVEL = 0;
				GCC_PREPROCESSOR_DEFINITIONS = (
					"DEBUG=1",
					"$(inherited)",
				);
				GCC_WARN_64_TO_32_BIT_CONVERSION = YES;
				GCC_WARN_ABOUT_RETURN_TYPE = YES_ERROR;
				GCC_WARN_UNDECLARED_SELECTOR = YES;
				GCC_WARN_UNINITIALIZED_AUTOS = YES_AGGRESSIVE;
				GCC_WARN_UNUSED_FUNCTION = YES;
				GCC_WARN_UNUSED_VARIABLE = YES;
				IPHONEOS_DEPLOYMENT_TARGET = 11.2;
				MTL_ENABLE_DEBUG_INFO = YES;
				ONLY_ACTIVE_ARCH = YES;
				SDKROOT = iphoneos;
				SWIFT_ACTIVE_COMPILATION_CONDITIONS = DEBUG;
				SWIFT_OPTIMIZATION_LEVEL = "-Onone";
			};
			name = Debug;
		};
		F00EBE06203C1F1700125618 /* Release */ = {
			isa = XCBuildConfiguration;
			buildSettings = {
				ALWAYS_SEARCH_USER_PATHS = NO;
				CLANG_ANALYZER_NONNULL = YES;
				CLANG_ANALYZER_NUMBER_OBJECT_CONVERSION = YES_AGGRESSIVE;
				CLANG_CXX_LANGUAGE_STANDARD = "gnu++14";
				CLANG_CXX_LIBRARY = "libc++";
				CLANG_ENABLE_MODULES = YES;
				CLANG_ENABLE_OBJC_ARC = YES;
				CLANG_WARN_BLOCK_CAPTURE_AUTORELEASING = YES;
				CLANG_WARN_BOOL_CONVERSION = YES;
				CLANG_WARN_COMMA = YES;
				CLANG_WARN_CONSTANT_CONVERSION = YES;
				CLANG_WARN_DIRECT_OBJC_ISA_USAGE = YES_ERROR;
				CLANG_WARN_DOCUMENTATION_COMMENTS = YES;
				CLANG_WARN_EMPTY_BODY = YES;
				CLANG_WARN_ENUM_CONVERSION = YES;
				CLANG_WARN_INFINITE_RECURSION = YES;
				CLANG_WARN_INT_CONVERSION = YES;
				CLANG_WARN_NON_LITERAL_NULL_CONVERSION = YES;
				CLANG_WARN_OBJC_LITERAL_CONVERSION = YES;
				CLANG_WARN_OBJC_ROOT_CLASS = YES_ERROR;
				CLANG_WARN_RANGE_LOOP_ANALYSIS = YES;
				CLANG_WARN_STRICT_PROTOTYPES = YES;
				CLANG_WARN_SUSPICIOUS_MOVE = YES;
				CLANG_WARN_UNGUARDED_AVAILABILITY = YES_AGGRESSIVE;
				CLANG_WARN_UNREACHABLE_CODE = YES;
				CLANG_WARN__DUPLICATE_METHOD_MATCH = YES;
				CODE_SIGN_IDENTITY = "iPhone Developer";
				COPY_PHASE_STRIP = NO;
				DEBUG_INFORMATION_FORMAT = "dwarf-with-dsym";
				ENABLE_NS_ASSERTIONS = NO;
				ENABLE_STRICT_OBJC_MSGSEND = YES;
				GCC_C_LANGUAGE_STANDARD = gnu11;
				GCC_NO_COMMON_BLOCKS = YES;
				GCC_WARN_64_TO_32_BIT_CONVERSION = YES;
				GCC_WARN_ABOUT_RETURN_TYPE = YES_ERROR;
				GCC_WARN_UNDECLARED_SELECTOR = YES;
				GCC_WARN_UNINITIALIZED_AUTOS = YES_AGGRESSIVE;
				GCC_WARN_UNUSED_FUNCTION = YES;
				GCC_WARN_UNUSED_VARIABLE = YES;
				IPHONEOS_DEPLOYMENT_TARGET = 11.2;
				MTL_ENABLE_DEBUG_INFO = NO;
				SDKROOT = iphoneos;
				SWIFT_OPTIMIZATION_LEVEL = "-Owholemodule";
				VALIDATE_PRODUCT = YES;
			};
			name = Release;
		};
		F00EBE08203C1F1700125618 /* Debug */ = {
			isa = XCBuildConfiguration;
			buildSettings = {
				ASSETCATALOG_COMPILER_APPICON_NAME = AppIcon;
				CODE_SIGN_STYLE = Automatic;
				DEVELOPMENT_TEAM = 6YRYEG2DL8;
				INFOPLIST_FILE = Resources/Info.plist;
				LD_RUNPATH_SEARCH_PATHS = "$(inherited) @executable_path/Frameworks";
				PRODUCT_BUNDLE_IDENTIFIER = "com.landahoy55.maths-app";
				PRODUCT_NAME = "$(TARGET_NAME)";
				SWIFT_VERSION = 4.0;
				TARGETED_DEVICE_FAMILY = 1;
			};
			name = Debug;
		};
		F00EBE09203C1F1700125618 /* Release */ = {
			isa = XCBuildConfiguration;
			buildSettings = {
				ASSETCATALOG_COMPILER_APPICON_NAME = AppIcon;
				CODE_SIGN_STYLE = Automatic;
				DEVELOPMENT_TEAM = 6YRYEG2DL8;
				INFOPLIST_FILE = Resources/Info.plist;
				LD_RUNPATH_SEARCH_PATHS = "$(inherited) @executable_path/Frameworks";
				PRODUCT_BUNDLE_IDENTIFIER = "com.landahoy55.maths-app";
				PRODUCT_NAME = "$(TARGET_NAME)";
				SWIFT_VERSION = 4.0;
				TARGETED_DEVICE_FAMILY = 1;
			};
			name = Release;
		};
		F00EBE0B203C1F1700125618 /* Debug */ = {
			isa = XCBuildConfiguration;
			buildSettings = {
				ALWAYS_EMBED_SWIFT_STANDARD_LIBRARIES = YES;
				BUNDLE_LOADER = "$(TEST_HOST)";
				CODE_SIGN_STYLE = Automatic;
				DEVELOPMENT_TEAM = 6YRYEG2DL8;
				INFOPLIST_FILE = Resources/Info.plist;
				LD_RUNPATH_SEARCH_PATHS = "$(inherited) @executable_path/Frameworks @loader_path/Frameworks";
				PRODUCT_BUNDLE_IDENTIFIER = "com.landahoy55.maths-appTests";
				PRODUCT_NAME = "$(TARGET_NAME)";
				SWIFT_VERSION = 4.0;
				TARGETED_DEVICE_FAMILY = "1,2";
				TEST_HOST = "$(BUILT_PRODUCTS_DIR)/maths-app.app/maths-app";
			};
			name = Debug;
		};
		F00EBE0C203C1F1700125618 /* Release */ = {
			isa = XCBuildConfiguration;
			buildSettings = {
				ALWAYS_EMBED_SWIFT_STANDARD_LIBRARIES = YES;
				BUNDLE_LOADER = "$(TEST_HOST)";
				CODE_SIGN_STYLE = Automatic;
				DEVELOPMENT_TEAM = 6YRYEG2DL8;
				INFOPLIST_FILE = Resources/Info.plist;
				LD_RUNPATH_SEARCH_PATHS = "$(inherited) @executable_path/Frameworks @loader_path/Frameworks";
				PRODUCT_BUNDLE_IDENTIFIER = "com.landahoy55.maths-appTests";
				PRODUCT_NAME = "$(TARGET_NAME)";
				SWIFT_VERSION = 4.0;
				TARGETED_DEVICE_FAMILY = "1,2";
				TEST_HOST = "$(BUILT_PRODUCTS_DIR)/maths-app.app/maths-app";
			};
			name = Release;
		};
		F00EBE0E203C1F1700125618 /* Debug */ = {
			isa = XCBuildConfiguration;
			buildSettings = {
				ALWAYS_EMBED_SWIFT_STANDARD_LIBRARIES = YES;
				CODE_SIGN_STYLE = Automatic;
				DEVELOPMENT_TEAM = 6YRYEG2DL8;
				INFOPLIST_FILE = Resources/Info.plist;
				LD_RUNPATH_SEARCH_PATHS = "$(inherited) @executable_path/Frameworks @loader_path/Frameworks";
				PRODUCT_BUNDLE_IDENTIFIER = "com.landahoy55.maths-appUITests";
				PRODUCT_NAME = "$(TARGET_NAME)";
				SWIFT_VERSION = 4.0;
				TARGETED_DEVICE_FAMILY = "1,2";
				TEST_TARGET_NAME = "maths-app";
			};
			name = Debug;
		};
		F00EBE0F203C1F1700125618 /* Release */ = {
			isa = XCBuildConfiguration;
			buildSettings = {
				ALWAYS_EMBED_SWIFT_STANDARD_LIBRARIES = YES;
				CODE_SIGN_STYLE = Automatic;
				DEVELOPMENT_TEAM = 6YRYEG2DL8;
				INFOPLIST_FILE = Resources/Info.plist;
				LD_RUNPATH_SEARCH_PATHS = "$(inherited) @executable_path/Frameworks @loader_path/Frameworks";
				PRODUCT_BUNDLE_IDENTIFIER = "com.landahoy55.maths-appUITests";
				PRODUCT_NAME = "$(TARGET_NAME)";
				SWIFT_VERSION = 4.0;
				TARGETED_DEVICE_FAMILY = "1,2";
				TEST_TARGET_NAME = "maths-app";
			};
			name = Release;
		};
/* End XCBuildConfiguration section */

/* Begin XCConfigurationList section */
		F00EBDDA203C1F1600125618 /* Build configuration list for PBXProject "maths-app" */ = {
			isa = XCConfigurationList;
			buildConfigurations = (
				F00EBE05203C1F1700125618 /* Debug */,
				F00EBE06203C1F1700125618 /* Release */,
			);
			defaultConfigurationIsVisible = 0;
			defaultConfigurationName = Release;
		};
		F00EBE07203C1F1700125618 /* Build configuration list for PBXNativeTarget "maths-app" */ = {
			isa = XCConfigurationList;
			buildConfigurations = (
				F00EBE08203C1F1700125618 /* Debug */,
				F00EBE09203C1F1700125618 /* Release */,
			);
			defaultConfigurationIsVisible = 0;
			defaultConfigurationName = Release;
		};
		F00EBE0A203C1F1700125618 /* Build configuration list for PBXNativeTarget "maths-appTests" */ = {
			isa = XCConfigurationList;
			buildConfigurations = (
				F00EBE0B203C1F1700125618 /* Debug */,
				F00EBE0C203C1F1700125618 /* Release */,
			);
			defaultConfigurationIsVisible = 0;
			defaultConfigurationName = Release;
		};
		F00EBE0D203C1F1700125618 /* Build configuration list for PBXNativeTarget "maths-appUITests" */ = {
			isa = XCConfigurationList;
			buildConfigurations = (
				F00EBE0E203C1F1700125618 /* Debug */,
				F00EBE0F203C1F1700125618 /* Release */,
			);
			defaultConfigurationIsVisible = 0;
			defaultConfigurationName = Release;
		};
/* End XCConfigurationList section */
	};
	rootObject = F00EBDD7203C1F1600125618 /* Project object */;
}
