// !$*UTF8*$!
{
	archiveVersion = 1;
	classes = {
	};
	objectVersion = 48;
	objects = {

/* Begin PBXBuildFile section */
		F00EBDE3203C1F1600125618 /* AppDelegate.swift in Sources */ = {isa = PBXBuildFile; fileRef = F00EBDE2203C1F1600125618 /* AppDelegate.swift */; };
		F00EBDE8203C1F1600125618 /* Main.storyboard in Resources */ = {isa = PBXBuildFile; fileRef = F00EBDE6203C1F1600125618 /* Main.storyboard */; };
		F00EBDEA203C1F1600125618 /* Assets.xcassets in Resources */ = {isa = PBXBuildFile; fileRef = F00EBDE9203C1F1600125618 /* Assets.xcassets */; };
		F00EBDED203C1F1600125618 /* LaunchScreen.storyboard in Resources */ = {isa = PBXBuildFile; fileRef = F00EBDEB203C1F1600125618 /* LaunchScreen.storyboard */; };
		F00EBDF8203C1F1600125618 /* maths_appTests.swift in Sources */ = {isa = PBXBuildFile; fileRef = F00EBDF7203C1F1600125618 /* maths_appTests.swift */; };
		F00EBE03203C1F1600125618 /* maths_appUITests.swift in Sources */ = {isa = PBXBuildFile; fileRef = F00EBE02203C1F1600125618 /* maths_appUITests.swift */; };
		F00EBE16203C215000125618 /* Constants.swift in Sources */ = {isa = PBXBuildFile; fileRef = F00EBE15203C215000125618 /* Constants.swift */; };
		F00EBE18203C235700125618 /* AuthorisationService.swift in Sources */ = {isa = PBXBuildFile; fileRef = F00EBE17203C235700125618 /* AuthorisationService.swift */; };
		F00EBE1A203C46BE00125618 /* InitialViewController.swift in Sources */ = {isa = PBXBuildFile; fileRef = F00EBE19203C46BE00125618 /* InitialViewController.swift */; };
		F00EBE1C203C4B2700125618 /* MenuViewController.swift in Sources */ = {isa = PBXBuildFile; fileRef = F00EBE1B203C4B2700125618 /* MenuViewController.swift */; };
		F00EBE1E203C4B3B00125618 /* LoginViewController.swift in Sources */ = {isa = PBXBuildFile; fileRef = F00EBE1D203C4B3B00125618 /* LoginViewController.swift */; };
		F00EBE20203C4B4E00125618 /* RegisterViewController.swift in Sources */ = {isa = PBXBuildFile; fileRef = F00EBE1F203C4B4E00125618 /* RegisterViewController.swift */; };
		F00EBE22203C4E5A00125618 /* HomeViewController.swift in Sources */ = {isa = PBXBuildFile; fileRef = F00EBE21203C4E5A00125618 /* HomeViewController.swift */; };
		F00EBE25203C792600125618 /* View+Extension.swift in Sources */ = {isa = PBXBuildFile; fileRef = F00EBE24203C792600125618 /* View+Extension.swift */; };
		F00EBE27203C7CBB00125618 /* RoundedButton.swift in Sources */ = {isa = PBXBuildFile; fileRef = F00EBE26203C7CBB00125618 /* RoundedButton.swift */; };
		F00EBE29203C808B00125618 /* UIButton+Extensions.swift in Sources */ = {isa = PBXBuildFile; fileRef = F00EBE28203C808B00125618 /* UIButton+Extensions.swift */; };
		F00EBE2B203D7B2D00125618 /* onboarding.xib in Resources */ = {isa = PBXBuildFile; fileRef = F00EBE2A203D7B2D00125618 /* onboarding.xib */; };
		F00EBE33203D80A900125618 /* onboardingView.swift in Sources */ = {isa = PBXBuildFile; fileRef = F00EBE32203D80A900125618 /* onboardingView.swift */; };
		F00EBE34203D9BAB00125618 /* AuthorisationService.swift in Sources */ = {isa = PBXBuildFile; fileRef = F00EBE17203C235700125618 /* AuthorisationService.swift */; };
		F00EBE35203D9BAD00125618 /* AuthorisationService.swift in Sources */ = {isa = PBXBuildFile; fileRef = F00EBE17203C235700125618 /* AuthorisationService.swift */; };
		F00EBE36203D9BD000125618 /* Constants.swift in Sources */ = {isa = PBXBuildFile; fileRef = F00EBE15203C215000125618 /* Constants.swift */; };
		F00EBE37203D9BD000125618 /* Constants.swift in Sources */ = {isa = PBXBuildFile; fileRef = F00EBE15203C215000125618 /* Constants.swift */; };
		F037D17A205A9635004BE224 /* Emitter.swift in Sources */ = {isa = PBXBuildFile; fileRef = F037D179205A9635004BE224 /* Emitter.swift */; };
		F037D17C205A9B46004BE224 /* ResultsPopUpView.swift in Sources */ = {isa = PBXBuildFile; fileRef = F037D17B205A9B46004BE224 /* ResultsPopUpView.swift */; };
		F037D17E205AA8E4004BE224 /* RoundButton.swift in Sources */ = {isa = PBXBuildFile; fileRef = F037D17D205AA8E4004BE224 /* RoundButton.swift */; };
		F05C37682060046E004F39F7 /* DailyChallenge.swift in Sources */ = {isa = PBXBuildFile; fileRef = F05C37672060046E004F39F7 /* DailyChallenge.swift */; };
		F05C698C20611A8D0057A6B0 /* VoiceInputViewController.swift in Sources */ = {isa = PBXBuildFile; fileRef = F05C698B20611A8D0057A6B0 /* VoiceInputViewController.swift */; };
		F05C6999206279AC0057A6B0 /* microphone-0.png in Resources */ = {isa = PBXBuildFile; fileRef = F05C698F206279AB0057A6B0 /* microphone-0.png */; };
		F05C699A206279AC0057A6B0 /* microphone-0@2x.png in Resources */ = {isa = PBXBuildFile; fileRef = F05C6990206279AB0057A6B0 /* microphone-0@2x.png */; };
		F05C699B206279AC0057A6B0 /* microphone-0@3x.png in Resources */ = {isa = PBXBuildFile; fileRef = F05C6991206279AB0057A6B0 /* microphone-0@3x.png */; };
		F05C699C206279AC0057A6B0 /* microphone-1.png in Resources */ = {isa = PBXBuildFile; fileRef = F05C6992206279AB0057A6B0 /* microphone-1.png */; };
		F05C699D206279AC0057A6B0 /* microphone-1@2x.png in Resources */ = {isa = PBXBuildFile; fileRef = F05C6993206279AB0057A6B0 /* microphone-1@2x.png */; };
		F05C699E206279AC0057A6B0 /* microphone-1@3x.png in Resources */ = {isa = PBXBuildFile; fileRef = F05C6994206279AB0057A6B0 /* microphone-1@3x.png */; };
		F05C699F206279AC0057A6B0 /* microphone-2.png in Resources */ = {isa = PBXBuildFile; fileRef = F05C6995206279AB0057A6B0 /* microphone-2.png */; };
		F05C69A0206279AC0057A6B0 /* microphone-2@2x.png in Resources */ = {isa = PBXBuildFile; fileRef = F05C6996206279AB0057A6B0 /* microphone-2@2x.png */; };
		F05C69A1206279AC0057A6B0 /* microphone-2@3x.png in Resources */ = {isa = PBXBuildFile; fileRef = F05C6997206279AB0057A6B0 /* microphone-2@3x.png */; };
		F05C69A32063FFD60057A6B0 /* HandWritingViewController.swift in Sources */ = {isa = PBXBuildFile; fileRef = F05C69A22063FFD50057A6B0 /* HandWritingViewController.swift */; };
		F05C69A520640E7A0057A6B0 /* CanvasView.swift in Sources */ = {isa = PBXBuildFile; fileRef = F05C69A420640E7A0057A6B0 /* CanvasView.swift */; };
		F05C69A7206414A60057A6B0 /* MNIST.mlmodel in Sources */ = {isa = PBXBuildFile; fileRef = F05C69A6206414A60057A6B0 /* MNIST.mlmodel */; };
		F07AFCED2048436000F37658 /* UILabel+Extensions.swift in Sources */ = {isa = PBXBuildFile; fileRef = F07AFCEC2048436000F37658 /* UILabel+Extensions.swift */; };
		F07AFCEF204D5ADE00F37658 /* menuCollectionViewCell.swift in Sources */ = {isa = PBXBuildFile; fileRef = F07AFCEE204D5ADE00F37658 /* menuCollectionViewCell.swift */; };
		F07AFCF1204D7D5C00F37658 /* SubTopicViewController.swift in Sources */ = {isa = PBXBuildFile; fileRef = F07AFCF0204D7D5C00F37658 /* SubTopicViewController.swift */; };
		F07AFCF3204D81F600F37658 /* SubTopicCell.swift in Sources */ = {isa = PBXBuildFile; fileRef = F07AFCF2204D81F500F37658 /* SubTopicCell.swift */; };
		F07AFCF5204D9A3F00F37658 /* HelpPromptViewController.swift in Sources */ = {isa = PBXBuildFile; fileRef = F07AFCF4204D9A3F00F37658 /* HelpPromptViewController.swift */; };
		F0934EE82050043D007A4295 /* ParentTopic.swift in Sources */ = {isa = PBXBuildFile; fileRef = F0934EE72050043D007A4295 /* ParentTopic.swift */; };
		F0934EEA2050126D007A4295 /* User.swift in Sources */ = {isa = PBXBuildFile; fileRef = F0934EE92050126D007A4295 /* User.swift */; };
		F0934EED205026D0007A4295 /* SubtopicResult.swift in Sources */ = {isa = PBXBuildFile; fileRef = F0934EEC205026D0007A4295 /* SubtopicResult.swift */; };
		F0934EEF20502F44007A4295 /* TopicResult.swift in Sources */ = {isa = PBXBuildFile; fileRef = F0934EEE20502F44007A4295 /* TopicResult.swift */; };
		F0934EF120503CD1007A4295 /* RetreivedSubtopicResult.swift in Sources */ = {isa = PBXBuildFile; fileRef = F0934EF020503CD1007A4295 /* RetreivedSubtopicResult.swift */; };
		F0934EF32050446E007A4295 /* RetreivedTopicResult.swift in Sources */ = {isa = PBXBuildFile; fileRef = F0934EF22050446E007A4295 /* RetreivedTopicResult.swift */; };
		F0934EF520504AE7007A4295 /* RetreivedTopic.swift in Sources */ = {isa = PBXBuildFile; fileRef = F0934EF420504AE7007A4295 /* RetreivedTopic.swift */; };
		F0A4DA042083941D00C8C0E2 /* correct.mp3 in Resources */ = {isa = PBXBuildFile; fileRef = F0A4DA032083941D00C8C0E2 /* correct.mp3 */; };
		F0A4DA062083942B00C8C0E2 /* wrong.aiff in Resources */ = {isa = PBXBuildFile; fileRef = F0A4DA052083942B00C8C0E2 /* wrong.aiff */; };
		F0A4DA1420862FEA00C8C0E2 /* Gold@3x.png in Resources */ = {isa = PBXBuildFile; fileRef = F0A4DA0820862FE900C8C0E2 /* Gold@3x.png */; };
		F0A4DA1520862FEA00C8C0E2 /* No@2x.png in Resources */ = {isa = PBXBuildFile; fileRef = F0A4DA0920862FE900C8C0E2 /* No@2x.png */; };
		F0A4DA1620862FEA00C8C0E2 /* No@3x.png in Resources */ = {isa = PBXBuildFile; fileRef = F0A4DA0A20862FE900C8C0E2 /* No@3x.png */; };
		F0A4DA1720862FEA00C8C0E2 /* Gold@2x.png in Resources */ = {isa = PBXBuildFile; fileRef = F0A4DA0B20862FE900C8C0E2 /* Gold@2x.png */; };
		F0A4DA1820862FEA00C8C0E2 /* Bronze.png in Resources */ = {isa = PBXBuildFile; fileRef = F0A4DA0C20862FE900C8C0E2 /* Bronze.png */; };
		F0A4DA1920862FEA00C8C0E2 /* Bronze@2x.png in Resources */ = {isa = PBXBuildFile; fileRef = F0A4DA0D20862FE900C8C0E2 /* Bronze@2x.png */; };
		F0A4DA1A20862FEA00C8C0E2 /* Bronze@3x.png in Resources */ = {isa = PBXBuildFile; fileRef = F0A4DA0E20862FE900C8C0E2 /* Bronze@3x.png */; };
		F0A4DA1B20862FEA00C8C0E2 /* Silver.png in Resources */ = {isa = PBXBuildFile; fileRef = F0A4DA0F20862FE900C8C0E2 /* Silver.png */; };
		F0A4DA1C20862FEA00C8C0E2 /* Silver@3x.png in Resources */ = {isa = PBXBuildFile; fileRef = F0A4DA1020862FE900C8C0E2 /* Silver@3x.png */; };
		F0A4DA1D20862FEA00C8C0E2 /* No@1x.png in Resources */ = {isa = PBXBuildFile; fileRef = F0A4DA1120862FE900C8C0E2 /* No@1x.png */; };
		F0A4DA1E20862FEA00C8C0E2 /* Silver@2x.png in Resources */ = {isa = PBXBuildFile; fileRef = F0A4DA1220862FE900C8C0E2 /* Silver@2x.png */; };
		F0A4DA1F20862FEA00C8C0E2 /* Gold.png in Resources */ = {isa = PBXBuildFile; fileRef = F0A4DA1320862FE900C8C0E2 /* Gold.png */; };
		F0A4DA2320864A0600C8C0E2 /* Rectangle@2x.png in Resources */ = {isa = PBXBuildFile; fileRef = F0A4DA2020864A0600C8C0E2 /* Rectangle@2x.png */; };
		F0A4DA2420864A0600C8C0E2 /* Rectangle@3x.png in Resources */ = {isa = PBXBuildFile; fileRef = F0A4DA2120864A0600C8C0E2 /* Rectangle@3x.png */; };
		F0A4DA2520864A0600C8C0E2 /* Rectangle.png in Resources */ = {isa = PBXBuildFile; fileRef = F0A4DA2220864A0600C8C0E2 /* Rectangle.png */; };
		F0BF7F362052CE93005D4A27 /* Account.swift in Sources */ = {isa = PBXBuildFile; fileRef = F0BF7F352052CE93005D4A27 /* Account.swift */; };
		F0BF7F502052F98E005D4A27 /* Contents.json in Resources */ = {isa = PBXBuildFile; fileRef = F0BF7F382052F98E005D4A27 /* Contents.json */; };
		F0BF7F512052F98E005D4A27 /* Icon-App-20x20@1x.png in Resources */ = {isa = PBXBuildFile; fileRef = F0BF7F392052F98E005D4A27 /* Icon-App-20x20@1x.png */; };
		F0BF7F522052F98E005D4A27 /* Icon-App-20x20@2x.png in Resources */ = {isa = PBXBuildFile; fileRef = F0BF7F3A2052F98E005D4A27 /* Icon-App-20x20@2x.png */; };
		F0BF7F532052F98E005D4A27 /* Icon-App-20x20@3x.png in Resources */ = {isa = PBXBuildFile; fileRef = F0BF7F3B2052F98E005D4A27 /* Icon-App-20x20@3x.png */; };
		F0BF7F542052F98E005D4A27 /* Icon-App-29x29@1x.png in Resources */ = {isa = PBXBuildFile; fileRef = F0BF7F3C2052F98E005D4A27 /* Icon-App-29x29@1x.png */; };
		F0BF7F552052F98E005D4A27 /* Icon-App-29x29@2x.png in Resources */ = {isa = PBXBuildFile; fileRef = F0BF7F3D2052F98E005D4A27 /* Icon-App-29x29@2x.png */; };
		F0BF7F562052F98E005D4A27 /* Icon-App-29x29@3x.png in Resources */ = {isa = PBXBuildFile; fileRef = F0BF7F3E2052F98E005D4A27 /* Icon-App-29x29@3x.png */; };
		F0BF7F572052F98E005D4A27 /* Icon-App-40x40@1x.png in Resources */ = {isa = PBXBuildFile; fileRef = F0BF7F3F2052F98E005D4A27 /* Icon-App-40x40@1x.png */; };
		F0BF7F582052F98E005D4A27 /* Icon-App-40x40@2x.png in Resources */ = {isa = PBXBuildFile; fileRef = F0BF7F402052F98E005D4A27 /* Icon-App-40x40@2x.png */; };
		F0BF7F592052F98E005D4A27 /* Icon-App-40x40@3x.png in Resources */ = {isa = PBXBuildFile; fileRef = F0BF7F412052F98E005D4A27 /* Icon-App-40x40@3x.png */; };
		F0BF7F5A2052F98E005D4A27 /* Icon-App-57x57@1x.png in Resources */ = {isa = PBXBuildFile; fileRef = F0BF7F422052F98E005D4A27 /* Icon-App-57x57@1x.png */; };
		F0BF7F5B2052F98E005D4A27 /* Icon-App-57x57@2x.png in Resources */ = {isa = PBXBuildFile; fileRef = F0BF7F432052F98E005D4A27 /* Icon-App-57x57@2x.png */; };
		F0BF7F5C2052F98E005D4A27 /* Icon-App-60x60@1x.png in Resources */ = {isa = PBXBuildFile; fileRef = F0BF7F442052F98E005D4A27 /* Icon-App-60x60@1x.png */; };
		F0BF7F5D2052F98E005D4A27 /* Icon-App-60x60@2x.png in Resources */ = {isa = PBXBuildFile; fileRef = F0BF7F452052F98E005D4A27 /* Icon-App-60x60@2x.png */; };
		F0BF7F5E2052F98E005D4A27 /* Icon-App-60x60@3x.png in Resources */ = {isa = PBXBuildFile; fileRef = F0BF7F462052F98E005D4A27 /* Icon-App-60x60@3x.png */; };
		F0BF7F5F2052F98E005D4A27 /* Icon-App-72x72@1x.png in Resources */ = {isa = PBXBuildFile; fileRef = F0BF7F472052F98E005D4A27 /* Icon-App-72x72@1x.png */; };
		F0BF7F602052F98E005D4A27 /* Icon-App-72x72@2x.png in Resources */ = {isa = PBXBuildFile; fileRef = F0BF7F482052F98E005D4A27 /* Icon-App-72x72@2x.png */; };
		F0BF7F612052F98E005D4A27 /* Icon-App-76x76@1x.png in Resources */ = {isa = PBXBuildFile; fileRef = F0BF7F492052F98E005D4A27 /* Icon-App-76x76@1x.png */; };
		F0BF7F622052F98E005D4A27 /* Icon-App-76x76@2x.png in Resources */ = {isa = PBXBuildFile; fileRef = F0BF7F4A2052F98E005D4A27 /* Icon-App-76x76@2x.png */; };
		F0BF7F632052F98E005D4A27 /* Icon-App-76x76@3x.png in Resources */ = {isa = PBXBuildFile; fileRef = F0BF7F4B2052F98E005D4A27 /* Icon-App-76x76@3x.png */; };
		F0BF7F642052F98E005D4A27 /* Icon-App-83.5x83.5@2x.png in Resources */ = {isa = PBXBuildFile; fileRef = F0BF7F4C2052F98E005D4A27 /* Icon-App-83.5x83.5@2x.png */; };
		F0BF7F652052F98E005D4A27 /* Icon-Small-50x50@1x.png in Resources */ = {isa = PBXBuildFile; fileRef = F0BF7F4D2052F98E005D4A27 /* Icon-Small-50x50@1x.png */; };
		F0BF7F662052F98E005D4A27 /* Icon-Small-50x50@2x.png in Resources */ = {isa = PBXBuildFile; fileRef = F0BF7F4E2052F98E005D4A27 /* Icon-Small-50x50@2x.png */; };
		F0BF7F672052F98E005D4A27 /* ItunesArtwork@2x.png in Resources */ = {isa = PBXBuildFile; fileRef = F0BF7F4F2052F98E005D4A27 /* ItunesArtwork@2x.png */; };
		F0BF7F692053FC07005D4A27 /* MidRoundedButton.swift in Sources */ = {isa = PBXBuildFile; fileRef = F0BF7F682053FC07005D4A27 /* MidRoundedButton.swift */; };
		F0BF7FBF2056ADF2005D4A27 /* UNService.swift in Sources */ = {isa = PBXBuildFile; fileRef = F0BF7FBE2056ADF2005D4A27 /* UNService.swift */; };
		F0C871F6205969BF00B5AC34 /* DailyChallengeViewController.swift in Sources */ = {isa = PBXBuildFile; fileRef = F0C871F5205969BF00B5AC34 /* DailyChallengeViewController.swift */; };
		F0C872002059870400B5AC34 /* ChallengeGo.xib in Resources */ = {isa = PBXBuildFile; fileRef = F0C871FF2059870400B5AC34 /* ChallengeGo.xib */; };
		F0C872022059873B00B5AC34 /* ChallengeGo.swift in Sources */ = {isa = PBXBuildFile; fileRef = F0C872012059873B00B5AC34 /* ChallengeGo.swift */; };
		F0C872042059880B00B5AC34 /* ChallengeNo.xib in Resources */ = {isa = PBXBuildFile; fileRef = F0C872032059880B00B5AC34 /* ChallengeNo.xib */; };
		F0C872062059881900B5AC34 /* ChallengeNo.swift in Sources */ = {isa = PBXBuildFile; fileRef = F0C872052059881900B5AC34 /* ChallengeNo.swift */; };
		F0C872082059E53F00B5AC34 /* testAnimation.swift in Sources */ = {isa = PBXBuildFile; fileRef = F0C872072059E53F00B5AC34 /* testAnimation.swift */; };
		F0CE65FF20A2FF7F00C894D8 /* GoldEmitter.swift in Sources */ = {isa = PBXBuildFile; fileRef = F0CE65FE20A2FF7F00C894D8 /* GoldEmitter.swift */; };
		F0CE660120A2FFD400C894D8 /* SilverEmitter.swift in Sources */ = {isa = PBXBuildFile; fileRef = F0CE660020A2FFD400C894D8 /* SilverEmitter.swift */; };
		F0CE660320A3000C00C894D8 /* BronzeEmitter.swift in Sources */ = {isa = PBXBuildFile; fileRef = F0CE660220A3000C00C894D8 /* BronzeEmitter.swift */; };
		F0EFF0D62094A8DD00E1CFBA /* success-1.mp3 in Resources */ = {isa = PBXBuildFile; fileRef = F0EFF0D52094A8DC00E1CFBA /* success-1.mp3 */; };
		F0EFF0D82094A8EB00E1CFBA /* incorrect-2.mp3 in Resources */ = {isa = PBXBuildFile; fileRef = F0EFF0D72094A8EB00E1CFBA /* incorrect-2.mp3 */; };
		F0F854BD20459B8B007A794A /* DataService.swift in Sources */ = {isa = PBXBuildFile; fileRef = F0F854BC20459B8B007A794A /* DataService.swift */; };
		F0F854C12045B3A8007A794A /* Topic.swift in Sources */ = {isa = PBXBuildFile; fileRef = F0F854C02045B3A8007A794A /* Topic.swift */; };
		F0F854C32045B3B9007A794A /* SubTopic.swift in Sources */ = {isa = PBXBuildFile; fileRef = F0F854C22045B3B9007A794A /* SubTopic.swift */; };
		F0F854C52045B3C7007A794A /* Question.swift in Sources */ = {isa = PBXBuildFile; fileRef = F0F854C42045B3C7007A794A /* Question.swift */; };
		F0F854C72045B3D1007A794A /* Answer.swift in Sources */ = {isa = PBXBuildFile; fileRef = F0F854C62045B3D1007A794A /* Answer.swift */; };
		F0F854CB2046C483007A794A /* slightRoundedButtons.swift in Sources */ = {isa = PBXBuildFile; fileRef = F0F854CA2046C483007A794A /* slightRoundedButtons.swift */; };
		F0F854CD2046C71D007A794A /* slightRoundedView.swift in Sources */ = {isa = PBXBuildFile; fileRef = F0F854CC2046C71D007A794A /* slightRoundedView.swift */; };
		F0F854CF2046DB1A007A794A /* UIView+Extensions.swift in Sources */ = {isa = PBXBuildFile; fileRef = F0F854CE2046DB1A007A794A /* UIView+Extensions.swift */; };
		F0F854D120470640007A794A /* InputAnswerViewController.swift in Sources */ = {isa = PBXBuildFile; fileRef = F0F854D020470640007A794A /* InputAnswerViewController.swift */; };
		F0F854D520470811007A794A /* MultipleChoiceViewController.swift in Sources */ = {isa = PBXBuildFile; fileRef = F0F854D420470811007A794A /* MultipleChoiceViewController.swift */; };
/* End PBXBuildFile section */

/* Begin PBXContainerItemProxy section */
		F00EBDF4203C1F1600125618 /* PBXContainerItemProxy */ = {
			isa = PBXContainerItemProxy;
			containerPortal = F00EBDD7203C1F1600125618 /* Project object */;
			proxyType = 1;
			remoteGlobalIDString = F00EBDDE203C1F1600125618;
			remoteInfo = "maths-app";
		};
		F00EBDFF203C1F1600125618 /* PBXContainerItemProxy */ = {
			isa = PBXContainerItemProxy;
			containerPortal = F00EBDD7203C1F1600125618 /* Project object */;
			proxyType = 1;
			remoteGlobalIDString = F00EBDDE203C1F1600125618;
			remoteInfo = "maths-app";
		};
/* End PBXContainerItemProxy section */

/* Begin PBXFileReference section */
		F00EBDDF203C1F1600125618 /* Maths App.app */ = {isa = PBXFileReference; explicitFileType = wrapper.application; includeInIndex = 0; path = "Maths App.app"; sourceTree = BUILT_PRODUCTS_DIR; };
		F00EBDE2203C1F1600125618 /* AppDelegate.swift */ = {isa = PBXFileReference; lastKnownFileType = sourcecode.swift; path = AppDelegate.swift; sourceTree = "<group>"; };
		F00EBDE7203C1F1600125618 /* Base */ = {isa = PBXFileReference; lastKnownFileType = file.storyboard; name = Base; path = Base.lproj/Main.storyboard; sourceTree = "<group>"; };
		F00EBDE9203C1F1600125618 /* Assets.xcassets */ = {isa = PBXFileReference; lastKnownFileType = folder.assetcatalog; path = Assets.xcassets; sourceTree = "<group>"; };
		F00EBDEC203C1F1600125618 /* Base */ = {isa = PBXFileReference; lastKnownFileType = file.storyboard; name = Base; path = Base.lproj/LaunchScreen.storyboard; sourceTree = "<group>"; };
		F00EBDEE203C1F1600125618 /* Info.plist */ = {isa = PBXFileReference; lastKnownFileType = text.plist.xml; path = Info.plist; sourceTree = "<group>"; };
		F00EBDF3203C1F1600125618 /* maths-appTests.xctest */ = {isa = PBXFileReference; explicitFileType = wrapper.cfbundle; includeInIndex = 0; path = "maths-appTests.xctest"; sourceTree = BUILT_PRODUCTS_DIR; };
		F00EBDF7203C1F1600125618 /* maths_appTests.swift */ = {isa = PBXFileReference; lastKnownFileType = sourcecode.swift; path = maths_appTests.swift; sourceTree = "<group>"; };
		F00EBDF9203C1F1600125618 /* Info.plist */ = {isa = PBXFileReference; lastKnownFileType = text.plist.xml; path = Info.plist; sourceTree = "<group>"; };
		F00EBDFE203C1F1600125618 /* maths-appUITests.xctest */ = {isa = PBXFileReference; explicitFileType = wrapper.cfbundle; includeInIndex = 0; path = "maths-appUITests.xctest"; sourceTree = BUILT_PRODUCTS_DIR; };
		F00EBE02203C1F1600125618 /* maths_appUITests.swift */ = {isa = PBXFileReference; lastKnownFileType = sourcecode.swift; path = maths_appUITests.swift; sourceTree = "<group>"; };
		F00EBE04203C1F1600125618 /* Info.plist */ = {isa = PBXFileReference; lastKnownFileType = text.plist.xml; path = Info.plist; sourceTree = "<group>"; };
		F00EBE15203C215000125618 /* Constants.swift */ = {isa = PBXFileReference; lastKnownFileType = sourcecode.swift; path = Constants.swift; sourceTree = "<group>"; };
		F00EBE17203C235700125618 /* AuthorisationService.swift */ = {isa = PBXFileReference; lastKnownFileType = sourcecode.swift; path = AuthorisationService.swift; sourceTree = "<group>"; };
		F00EBE19203C46BE00125618 /* InitialViewController.swift */ = {isa = PBXFileReference; lastKnownFileType = sourcecode.swift; path = InitialViewController.swift; sourceTree = "<group>"; };
		F00EBE1B203C4B2700125618 /* MenuViewController.swift */ = {isa = PBXFileReference; lastKnownFileType = sourcecode.swift; path = MenuViewController.swift; sourceTree = "<group>"; };
		F00EBE1D203C4B3B00125618 /* LoginViewController.swift */ = {isa = PBXFileReference; lastKnownFileType = sourcecode.swift; path = LoginViewController.swift; sourceTree = "<group>"; };
		F00EBE1F203C4B4E00125618 /* RegisterViewController.swift */ = {isa = PBXFileReference; lastKnownFileType = sourcecode.swift; path = RegisterViewController.swift; sourceTree = "<group>"; };
		F00EBE21203C4E5A00125618 /* HomeViewController.swift */ = {isa = PBXFileReference; lastKnownFileType = sourcecode.swift; path = HomeViewController.swift; sourceTree = "<group>"; };
		F00EBE24203C792600125618 /* View+Extension.swift */ = {isa = PBXFileReference; lastKnownFileType = sourcecode.swift; path = "View+Extension.swift"; sourceTree = "<group>"; };
		F00EBE26203C7CBB00125618 /* RoundedButton.swift */ = {isa = PBXFileReference; lastKnownFileType = sourcecode.swift; path = RoundedButton.swift; sourceTree = "<group>"; };
		F00EBE28203C808B00125618 /* UIButton+Extensions.swift */ = {isa = PBXFileReference; lastKnownFileType = sourcecode.swift; path = "UIButton+Extensions.swift"; sourceTree = "<group>"; };
		F00EBE2A203D7B2D00125618 /* onboarding.xib */ = {isa = PBXFileReference; lastKnownFileType = file.xib; path = onboarding.xib; sourceTree = "<group>"; };
		F00EBE32203D80A900125618 /* onboardingView.swift */ = {isa = PBXFileReference; lastKnownFileType = sourcecode.swift; path = onboardingView.swift; sourceTree = "<group>"; };
		F037D179205A9635004BE224 /* Emitter.swift */ = {isa = PBXFileReference; fileEncoding = 4; lastKnownFileType = sourcecode.swift; path = Emitter.swift; sourceTree = "<group>"; };
		F037D17B205A9B46004BE224 /* ResultsPopUpView.swift */ = {isa = PBXFileReference; lastKnownFileType = sourcecode.swift; path = ResultsPopUpView.swift; sourceTree = "<group>"; };
		F037D17D205AA8E4004BE224 /* RoundButton.swift */ = {isa = PBXFileReference; lastKnownFileType = sourcecode.swift; path = RoundButton.swift; sourceTree = "<group>"; };
		F05C37672060046E004F39F7 /* DailyChallenge.swift */ = {isa = PBXFileReference; lastKnownFileType = sourcecode.swift; path = DailyChallenge.swift; sourceTree = "<group>"; };
		F05C698B20611A8D0057A6B0 /* VoiceInputViewController.swift */ = {isa = PBXFileReference; lastKnownFileType = sourcecode.swift; path = VoiceInputViewController.swift; sourceTree = "<group>"; };
		F05C698F206279AB0057A6B0 /* microphone-0.png */ = {isa = PBXFileReference; lastKnownFileType = image.png; path = "microphone-0.png"; sourceTree = "<group>"; };
		F05C6990206279AB0057A6B0 /* microphone-0@2x.png */ = {isa = PBXFileReference; lastKnownFileType = image.png; path = "microphone-0@2x.png"; sourceTree = "<group>"; };
		F05C6991206279AB0057A6B0 /* microphone-0@3x.png */ = {isa = PBXFileReference; lastKnownFileType = image.png; path = "microphone-0@3x.png"; sourceTree = "<group>"; };
		F05C6992206279AB0057A6B0 /* microphone-1.png */ = {isa = PBXFileReference; lastKnownFileType = image.png; path = "microphone-1.png"; sourceTree = "<group>"; };
		F05C6993206279AB0057A6B0 /* microphone-1@2x.png */ = {isa = PBXFileReference; lastKnownFileType = image.png; path = "microphone-1@2x.png"; sourceTree = "<group>"; };
		F05C6994206279AB0057A6B0 /* microphone-1@3x.png */ = {isa = PBXFileReference; lastKnownFileType = image.png; path = "microphone-1@3x.png"; sourceTree = "<group>"; };
		F05C6995206279AB0057A6B0 /* microphone-2.png */ = {isa = PBXFileReference; lastKnownFileType = image.png; path = "microphone-2.png"; sourceTree = "<group>"; };
		F05C6996206279AB0057A6B0 /* microphone-2@2x.png */ = {isa = PBXFileReference; lastKnownFileType = image.png; path = "microphone-2@2x.png"; sourceTree = "<group>"; };
		F05C6997206279AB0057A6B0 /* microphone-2@3x.png */ = {isa = PBXFileReference; lastKnownFileType = image.png; path = "microphone-2@3x.png"; sourceTree = "<group>"; };
		F05C69A22063FFD50057A6B0 /* HandWritingViewController.swift */ = {isa = PBXFileReference; lastKnownFileType = sourcecode.swift; path = HandWritingViewController.swift; sourceTree = "<group>"; };
		F05C69A420640E7A0057A6B0 /* CanvasView.swift */ = {isa = PBXFileReference; fileEncoding = 4; lastKnownFileType = sourcecode.swift; path = CanvasView.swift; sourceTree = "<group>"; };
		F05C69A6206414A60057A6B0 /* MNIST.mlmodel */ = {isa = PBXFileReference; lastKnownFileType = file.mlmodel; path = MNIST.mlmodel; sourceTree = "<group>"; };
		F07AFCEC2048436000F37658 /* UILabel+Extensions.swift */ = {isa = PBXFileReference; lastKnownFileType = sourcecode.swift; path = "UILabel+Extensions.swift"; sourceTree = "<group>"; };
		F07AFCEE204D5ADE00F37658 /* menuCollectionViewCell.swift */ = {isa = PBXFileReference; lastKnownFileType = sourcecode.swift; path = menuCollectionViewCell.swift; sourceTree = "<group>"; };
		F07AFCF0204D7D5C00F37658 /* SubTopicViewController.swift */ = {isa = PBXFileReference; lastKnownFileType = sourcecode.swift; path = SubTopicViewController.swift; sourceTree = "<group>"; };
		F07AFCF2204D81F500F37658 /* SubTopicCell.swift */ = {isa = PBXFileReference; lastKnownFileType = sourcecode.swift; path = SubTopicCell.swift; sourceTree = "<group>"; };
		F07AFCF4204D9A3F00F37658 /* HelpPromptViewController.swift */ = {isa = PBXFileReference; lastKnownFileType = sourcecode.swift; path = HelpPromptViewController.swift; sourceTree = "<group>"; };
		F0934EE72050043D007A4295 /* ParentTopic.swift */ = {isa = PBXFileReference; lastKnownFileType = sourcecode.swift; path = ParentTopic.swift; sourceTree = "<group>"; };
		F0934EE92050126D007A4295 /* User.swift */ = {isa = PBXFileReference; lastKnownFileType = sourcecode.swift; path = User.swift; sourceTree = "<group>"; };
		F0934EEC205026D0007A4295 /* SubtopicResult.swift */ = {isa = PBXFileReference; lastKnownFileType = sourcecode.swift; path = SubtopicResult.swift; sourceTree = "<group>"; };
		F0934EEE20502F44007A4295 /* TopicResult.swift */ = {isa = PBXFileReference; lastKnownFileType = sourcecode.swift; path = TopicResult.swift; sourceTree = "<group>"; };
		F0934EF020503CD1007A4295 /* RetreivedSubtopicResult.swift */ = {isa = PBXFileReference; lastKnownFileType = sourcecode.swift; path = RetreivedSubtopicResult.swift; sourceTree = "<group>"; };
		F0934EF22050446E007A4295 /* RetreivedTopicResult.swift */ = {isa = PBXFileReference; lastKnownFileType = sourcecode.swift; path = RetreivedTopicResult.swift; sourceTree = "<group>"; };
		F0934EF420504AE7007A4295 /* RetreivedTopic.swift */ = {isa = PBXFileReference; lastKnownFileType = sourcecode.swift; path = RetreivedTopic.swift; sourceTree = "<group>"; };
		F0A4DA032083941D00C8C0E2 /* correct.mp3 */ = {isa = PBXFileReference; lastKnownFileType = audio.mp3; path = correct.mp3; sourceTree = "<group>"; };
		F0A4DA052083942B00C8C0E2 /* wrong.aiff */ = {isa = PBXFileReference; lastKnownFileType = audio.aiff; path = wrong.aiff; sourceTree = "<group>"; };
		F0A4DA0820862FE900C8C0E2 /* Gold@3x.png */ = {isa = PBXFileReference; lastKnownFileType = image.png; path = "Gold@3x.png"; sourceTree = "<group>"; };
		F0A4DA0920862FE900C8C0E2 /* No@2x.png */ = {isa = PBXFileReference; lastKnownFileType = image.png; path = "No@2x.png"; sourceTree = "<group>"; };
		F0A4DA0A20862FE900C8C0E2 /* No@3x.png */ = {isa = PBXFileReference; lastKnownFileType = image.png; path = "No@3x.png"; sourceTree = "<group>"; };
		F0A4DA0B20862FE900C8C0E2 /* Gold@2x.png */ = {isa = PBXFileReference; lastKnownFileType = image.png; path = "Gold@2x.png"; sourceTree = "<group>"; };
		F0A4DA0C20862FE900C8C0E2 /* Bronze.png */ = {isa = PBXFileReference; lastKnownFileType = image.png; path = Bronze.png; sourceTree = "<group>"; };
		F0A4DA0D20862FE900C8C0E2 /* Bronze@2x.png */ = {isa = PBXFileReference; lastKnownFileType = image.png; path = "Bronze@2x.png"; sourceTree = "<group>"; };
		F0A4DA0E20862FE900C8C0E2 /* Bronze@3x.png */ = {isa = PBXFileReference; lastKnownFileType = image.png; path = "Bronze@3x.png"; sourceTree = "<group>"; };
		F0A4DA0F20862FE900C8C0E2 /* Silver.png */ = {isa = PBXFileReference; lastKnownFileType = image.png; path = Silver.png; sourceTree = "<group>"; };
		F0A4DA1020862FE900C8C0E2 /* Silver@3x.png */ = {isa = PBXFileReference; lastKnownFileType = image.png; path = "Silver@3x.png"; sourceTree = "<group>"; };
		F0A4DA1120862FE900C8C0E2 /* No@1x.png */ = {isa = PBXFileReference; lastKnownFileType = image.png; path = "No@1x.png"; sourceTree = "<group>"; };
		F0A4DA1220862FE900C8C0E2 /* Silver@2x.png */ = {isa = PBXFileReference; lastKnownFileType = image.png; path = "Silver@2x.png"; sourceTree = "<group>"; };
		F0A4DA1320862FE900C8C0E2 /* Gold.png */ = {isa = PBXFileReference; lastKnownFileType = image.png; path = Gold.png; sourceTree = "<group>"; };
		F0A4DA2020864A0600C8C0E2 /* Rectangle@2x.png */ = {isa = PBXFileReference; lastKnownFileType = image.png; path = "Rectangle@2x.png"; sourceTree = "<group>"; };
		F0A4DA2120864A0600C8C0E2 /* Rectangle@3x.png */ = {isa = PBXFileReference; lastKnownFileType = image.png; path = "Rectangle@3x.png"; sourceTree = "<group>"; };
		F0A4DA2220864A0600C8C0E2 /* Rectangle.png */ = {isa = PBXFileReference; lastKnownFileType = image.png; path = Rectangle.png; sourceTree = "<group>"; };
		F0BF7F352052CE93005D4A27 /* Account.swift */ = {isa = PBXFileReference; lastKnownFileType = sourcecode.swift; path = Account.swift; sourceTree = "<group>"; };
		F0BF7F382052F98E005D4A27 /* Contents.json */ = {isa = PBXFileReference; fileEncoding = 4; lastKnownFileType = text.json; path = Contents.json; sourceTree = "<group>"; };
		F0BF7F392052F98E005D4A27 /* Icon-App-20x20@1x.png */ = {isa = PBXFileReference; lastKnownFileType = image.png; path = "Icon-App-20x20@1x.png"; sourceTree = "<group>"; };
		F0BF7F3A2052F98E005D4A27 /* Icon-App-20x20@2x.png */ = {isa = PBXFileReference; lastKnownFileType = image.png; path = "Icon-App-20x20@2x.png"; sourceTree = "<group>"; };
		F0BF7F3B2052F98E005D4A27 /* Icon-App-20x20@3x.png */ = {isa = PBXFileReference; lastKnownFileType = image.png; path = "Icon-App-20x20@3x.png"; sourceTree = "<group>"; };
		F0BF7F3C2052F98E005D4A27 /* Icon-App-29x29@1x.png */ = {isa = PBXFileReference; lastKnownFileType = image.png; path = "Icon-App-29x29@1x.png"; sourceTree = "<group>"; };
		F0BF7F3D2052F98E005D4A27 /* Icon-App-29x29@2x.png */ = {isa = PBXFileReference; lastKnownFileType = image.png; path = "Icon-App-29x29@2x.png"; sourceTree = "<group>"; };
		F0BF7F3E2052F98E005D4A27 /* Icon-App-29x29@3x.png */ = {isa = PBXFileReference; lastKnownFileType = image.png; path = "Icon-App-29x29@3x.png"; sourceTree = "<group>"; };
		F0BF7F3F2052F98E005D4A27 /* Icon-App-40x40@1x.png */ = {isa = PBXFileReference; lastKnownFileType = image.png; path = "Icon-App-40x40@1x.png"; sourceTree = "<group>"; };
		F0BF7F402052F98E005D4A27 /* Icon-App-40x40@2x.png */ = {isa = PBXFileReference; lastKnownFileType = image.png; path = "Icon-App-40x40@2x.png"; sourceTree = "<group>"; };
		F0BF7F412052F98E005D4A27 /* Icon-App-40x40@3x.png */ = {isa = PBXFileReference; lastKnownFileType = image.png; path = "Icon-App-40x40@3x.png"; sourceTree = "<group>"; };
		F0BF7F422052F98E005D4A27 /* Icon-App-57x57@1x.png */ = {isa = PBXFileReference; lastKnownFileType = image.png; path = "Icon-App-57x57@1x.png"; sourceTree = "<group>"; };
		F0BF7F432052F98E005D4A27 /* Icon-App-57x57@2x.png */ = {isa = PBXFileReference; lastKnownFileType = image.png; path = "Icon-App-57x57@2x.png"; sourceTree = "<group>"; };
		F0BF7F442052F98E005D4A27 /* Icon-App-60x60@1x.png */ = {isa = PBXFileReference; lastKnownFileType = image.png; path = "Icon-App-60x60@1x.png"; sourceTree = "<group>"; };
		F0BF7F452052F98E005D4A27 /* Icon-App-60x60@2x.png */ = {isa = PBXFileReference; lastKnownFileType = image.png; path = "Icon-App-60x60@2x.png"; sourceTree = "<group>"; };
		F0BF7F462052F98E005D4A27 /* Icon-App-60x60@3x.png */ = {isa = PBXFileReference; lastKnownFileType = image.png; path = "Icon-App-60x60@3x.png"; sourceTree = "<group>"; };
		F0BF7F472052F98E005D4A27 /* Icon-App-72x72@1x.png */ = {isa = PBXFileReference; lastKnownFileType = image.png; path = "Icon-App-72x72@1x.png"; sourceTree = "<group>"; };
		F0BF7F482052F98E005D4A27 /* Icon-App-72x72@2x.png */ = {isa = PBXFileReference; lastKnownFileType = image.png; path = "Icon-App-72x72@2x.png"; sourceTree = "<group>"; };
		F0BF7F492052F98E005D4A27 /* Icon-App-76x76@1x.png */ = {isa = PBXFileReference; lastKnownFileType = image.png; path = "Icon-App-76x76@1x.png"; sourceTree = "<group>"; };
		F0BF7F4A2052F98E005D4A27 /* Icon-App-76x76@2x.png */ = {isa = PBXFileReference; lastKnownFileType = image.png; path = "Icon-App-76x76@2x.png"; sourceTree = "<group>"; };
		F0BF7F4B2052F98E005D4A27 /* Icon-App-76x76@3x.png */ = {isa = PBXFileReference; lastKnownFileType = image.png; path = "Icon-App-76x76@3x.png"; sourceTree = "<group>"; };
		F0BF7F4C2052F98E005D4A27 /* Icon-App-83.5x83.5@2x.png */ = {isa = PBXFileReference; lastKnownFileType = image.png; path = "Icon-App-83.5x83.5@2x.png"; sourceTree = "<group>"; };
		F0BF7F4D2052F98E005D4A27 /* Icon-Small-50x50@1x.png */ = {isa = PBXFileReference; lastKnownFileType = image.png; path = "Icon-Small-50x50@1x.png"; sourceTree = "<group>"; };
		F0BF7F4E2052F98E005D4A27 /* Icon-Small-50x50@2x.png */ = {isa = PBXFileReference; lastKnownFileType = image.png; path = "Icon-Small-50x50@2x.png"; sourceTree = "<group>"; };
		F0BF7F4F2052F98E005D4A27 /* ItunesArtwork@2x.png */ = {isa = PBXFileReference; lastKnownFileType = image.png; path = "ItunesArtwork@2x.png"; sourceTree = "<group>"; };
		F0BF7F682053FC07005D4A27 /* MidRoundedButton.swift */ = {isa = PBXFileReference; lastKnownFileType = sourcecode.swift; path = MidRoundedButton.swift; sourceTree = "<group>"; };
		F0BF7FBE2056ADF2005D4A27 /* UNService.swift */ = {isa = PBXFileReference; lastKnownFileType = sourcecode.swift; path = UNService.swift; sourceTree = "<group>"; };
		F0BF7FC02056DACF005D4A27 /* Maths App.entitlements */ = {isa = PBXFileReference; lastKnownFileType = text.plist.entitlements; path = "Maths App.entitlements"; sourceTree = "<group>"; };
		F0C871F5205969BF00B5AC34 /* DailyChallengeViewController.swift */ = {isa = PBXFileReference; lastKnownFileType = sourcecode.swift; path = DailyChallengeViewController.swift; sourceTree = "<group>"; };
		F0C871FF2059870400B5AC34 /* ChallengeGo.xib */ = {isa = PBXFileReference; lastKnownFileType = file.xib; path = ChallengeGo.xib; sourceTree = "<group>"; };
		F0C872012059873B00B5AC34 /* ChallengeGo.swift */ = {isa = PBXFileReference; lastKnownFileType = sourcecode.swift; path = ChallengeGo.swift; sourceTree = "<group>"; };
		F0C872032059880B00B5AC34 /* ChallengeNo.xib */ = {isa = PBXFileReference; lastKnownFileType = file.xib; path = ChallengeNo.xib; sourceTree = "<group>"; };
		F0C872052059881900B5AC34 /* ChallengeNo.swift */ = {isa = PBXFileReference; lastKnownFileType = sourcecode.swift; path = ChallengeNo.swift; sourceTree = "<group>"; };
		F0C872072059E53F00B5AC34 /* testAnimation.swift */ = {isa = PBXFileReference; lastKnownFileType = sourcecode.swift; path = testAnimation.swift; sourceTree = "<group>"; };
		F0CE65FE20A2FF7F00C894D8 /* GoldEmitter.swift */ = {isa = PBXFileReference; lastKnownFileType = sourcecode.swift; path = GoldEmitter.swift; sourceTree = "<group>"; };
		F0CE660020A2FFD400C894D8 /* SilverEmitter.swift */ = {isa = PBXFileReference; lastKnownFileType = sourcecode.swift; path = SilverEmitter.swift; sourceTree = "<group>"; };
		F0CE660220A3000C00C894D8 /* BronzeEmitter.swift */ = {isa = PBXFileReference; lastKnownFileType = sourcecode.swift; path = BronzeEmitter.swift; sourceTree = "<group>"; };
		F0CE660420A3053900C894D8 /* gold-emitter.png */ = {isa = PBXFileReference; lastKnownFileType = image.png; path = "gold-emitter.png"; sourceTree = "<group>"; };
		F0CE660520A3053900C894D8 /* bronze-emitter.png */ = {isa = PBXFileReference; lastKnownFileType = image.png; path = "bronze-emitter.png"; sourceTree = "<group>"; };
		F0CE660620A3053900C894D8 /* silver-emitter.png */ = {isa = PBXFileReference; lastKnownFileType = image.png; path = "silver-emitter.png"; sourceTree = "<group>"; };
		F0EFF0D52094A8DC00E1CFBA /* success-1.mp3 */ = {isa = PBXFileReference; lastKnownFileType = audio.mp3; path = "success-1.mp3"; sourceTree = "<group>"; };
		F0EFF0D72094A8EB00E1CFBA /* incorrect-2.mp3 */ = {isa = PBXFileReference; lastKnownFileType = audio.mp3; path = "incorrect-2.mp3"; sourceTree = "<group>"; };
		F0F854BC20459B8B007A794A /* DataService.swift */ = {isa = PBXFileReference; lastKnownFileType = sourcecode.swift; path = DataService.swift; sourceTree = "<group>"; };
		F0F854C02045B3A8007A794A /* Topic.swift */ = {isa = PBXFileReference; lastKnownFileType = sourcecode.swift; path = Topic.swift; sourceTree = "<group>"; };
		F0F854C22045B3B9007A794A /* SubTopic.swift */ = {isa = PBXFileReference; lastKnownFileType = sourcecode.swift; path = SubTopic.swift; sourceTree = "<group>"; };
		F0F854C42045B3C7007A794A /* Question.swift */ = {isa = PBXFileReference; lastKnownFileType = sourcecode.swift; path = Question.swift; sourceTree = "<group>"; };
		F0F854C62045B3D1007A794A /* Answer.swift */ = {isa = PBXFileReference; lastKnownFileType = sourcecode.swift; path = Answer.swift; sourceTree = "<group>"; };
		F0F854CA2046C483007A794A /* slightRoundedButtons.swift */ = {isa = PBXFileReference; lastKnownFileType = sourcecode.swift; path = slightRoundedButtons.swift; sourceTree = "<group>"; };
		F0F854CC2046C71D007A794A /* slightRoundedView.swift */ = {isa = PBXFileReference; lastKnownFileType = sourcecode.swift; path = slightRoundedView.swift; sourceTree = "<group>"; };
		F0F854CE2046DB1A007A794A /* UIView+Extensions.swift */ = {isa = PBXFileReference; lastKnownFileType = sourcecode.swift; path = "UIView+Extensions.swift"; sourceTree = "<group>"; };
		F0F854D020470640007A794A /* InputAnswerViewController.swift */ = {isa = PBXFileReference; lastKnownFileType = sourcecode.swift; path = InputAnswerViewController.swift; sourceTree = "<group>"; };
		F0F854D420470811007A794A /* MultipleChoiceViewController.swift */ = {isa = PBXFileReference; fileEncoding = 4; lastKnownFileType = sourcecode.swift; path = MultipleChoiceViewController.swift; sourceTree = "<group>"; };
/* End PBXFileReference section */

/* Begin PBXFrameworksBuildPhase section */
		F00EBDDC203C1F1600125618 /* Frameworks */ = {
			isa = PBXFrameworksBuildPhase;
			buildActionMask = 2147483647;
			files = (
			);
			runOnlyForDeploymentPostprocessing = 0;
		};
		F00EBDF0203C1F1600125618 /* Frameworks */ = {
			isa = PBXFrameworksBuildPhase;
			buildActionMask = 2147483647;
			files = (
			);
			runOnlyForDeploymentPostprocessing = 0;
		};
		F00EBDFB203C1F1600125618 /* Frameworks */ = {
			isa = PBXFrameworksBuildPhase;
			buildActionMask = 2147483647;
			files = (
			);
			runOnlyForDeploymentPostprocessing = 0;
		};
/* End PBXFrameworksBuildPhase section */

/* Begin PBXGroup section */
		F00EBDD6203C1F1600125618 = {
			isa = PBXGroup;
			children = (
				F00EBE23203C790C00125618 /* Extensions */,
				F00EBE14203C1FAA00125618 /* Services */,
				F00EBE13203C1FA200125618 /* Controller */,
				F00EBE12203C1F8C00125618 /* View */,
				F00EBE11203C1F8800125618 /* Model */,
				F00EBE10203C1F7A00125618 /* Resources */,
				F00EBDE1203C1F1600125618 /* maths-app */,
				F00EBDF6203C1F1600125618 /* maths-appTests */,
				F00EBE01203C1F1600125618 /* maths-appUITests */,
				F00EBDE0203C1F1600125618 /* Products */,
			);
			sourceTree = "<group>";
		};
		F00EBDE0203C1F1600125618 /* Products */ = {
			isa = PBXGroup;
			children = (
				F00EBDDF203C1F1600125618 /* Maths App.app */,
				F00EBDF3203C1F1600125618 /* maths-appTests.xctest */,
				F00EBDFE203C1F1600125618 /* maths-appUITests.xctest */,
			);
			name = Products;
			sourceTree = "<group>";
		};
		F00EBDE1203C1F1600125618 /* maths-app */ = {
			isa = PBXGroup;
			children = (
				F0BF7FC02056DACF005D4A27 /* Maths App.entitlements */,
			);
			path = "maths-app";
			sourceTree = "<group>";
		};
		F00EBDF6203C1F1600125618 /* maths-appTests */ = {
			isa = PBXGroup;
			children = (
				F00EBDF7203C1F1600125618 /* maths_appTests.swift */,
				F00EBDF9203C1F1600125618 /* Info.plist */,
			);
			path = "maths-appTests";
			sourceTree = "<group>";
		};
		F00EBE01203C1F1600125618 /* maths-appUITests */ = {
			isa = PBXGroup;
			children = (
				F00EBE02203C1F1600125618 /* maths_appUITests.swift */,
				F00EBE04203C1F1600125618 /* Info.plist */,
			);
			path = "maths-appUITests";
			sourceTree = "<group>";
		};
		F00EBE10203C1F7A00125618 /* Resources */ = {
			isa = PBXGroup;
			children = (
				F0A4DA0720862FE900C8C0E2 /* medals */,
				F0A4DA02208393F900C8C0E2 /* sounds */,
				F05C698D206279AB0057A6B0 /* microphone */,
				F00EBDE9203C1F1600125618 /* Assets.xcassets */,
				F0BF7F372052F98E005D4A27 /* AppIcon.appiconset */,
				F00EBDEE203C1F1600125618 /* Info.plist */,
				F00EBE15203C215000125618 /* Constants.swift */,
				F05C69A6206414A60057A6B0 /* MNIST.mlmodel */,
			);
			path = Resources;
			sourceTree = "<group>";
		};
		F00EBE11203C1F8800125618 /* Model */ = {
			isa = PBXGroup;
			children = (
				F0F854C02045B3A8007A794A /* Topic.swift */,
				F0F854C22045B3B9007A794A /* SubTopic.swift */,
				F0F854C42045B3C7007A794A /* Question.swift */,
				F0F854C62045B3D1007A794A /* Answer.swift */,
				F0934EE72050043D007A4295 /* ParentTopic.swift */,
				F0934EE92050126D007A4295 /* User.swift */,
				F0934EEC205026D0007A4295 /* SubtopicResult.swift */,
				F0934EEE20502F44007A4295 /* TopicResult.swift */,
				F0934EF020503CD1007A4295 /* RetreivedSubtopicResult.swift */,
				F0934EF22050446E007A4295 /* RetreivedTopicResult.swift */,
				F0934EF420504AE7007A4295 /* RetreivedTopic.swift */,
				F0BF7F352052CE93005D4A27 /* Account.swift */,
				F05C37672060046E004F39F7 /* DailyChallenge.swift */,
			);
			path = Model;
			sourceTree = "<group>";
		};
		F00EBE12203C1F8C00125618 /* View */ = {
			isa = PBXGroup;
			children = (
				F05C69A420640E7A0057A6B0 /* CanvasView.swift */,
				F037D179205A9635004BE224 /* Emitter.swift */,
				F0F854CA2046C483007A794A /* slightRoundedButtons.swift */,
				F00EBDEB203C1F1600125618 /* LaunchScreen.storyboard */,
				F00EBDE6203C1F1600125618 /* Main.storyboard */,
				F00EBE26203C7CBB00125618 /* RoundedButton.swift */,
				F00EBE2A203D7B2D00125618 /* onboarding.xib */,
				F00EBE32203D80A900125618 /* onboardingView.swift */,
				F0F854CC2046C71D007A794A /* slightRoundedView.swift */,
				F07AFCEE204D5ADE00F37658 /* menuCollectionViewCell.swift */,
				F07AFCF2204D81F500F37658 /* SubTopicCell.swift */,
				F0BF7F682053FC07005D4A27 /* MidRoundedButton.swift */,
				F0C871FF2059870400B5AC34 /* ChallengeGo.xib */,
				F0C872012059873B00B5AC34 /* ChallengeGo.swift */,
				F0C872032059880B00B5AC34 /* ChallengeNo.xib */,
				F0C872052059881900B5AC34 /* ChallengeNo.swift */,
				F0C872072059E53F00B5AC34 /* testAnimation.swift */,
				F037D17B205A9B46004BE224 /* ResultsPopUpView.swift */,
				F037D17D205AA8E4004BE224 /* RoundButton.swift */,
				F0CE65FE20A2FF7F00C894D8 /* GoldEmitter.swift */,
				F0CE660020A2FFD400C894D8 /* SilverEmitter.swift */,
				F0CE660220A3000C00C894D8 /* BronzeEmitter.swift */,
			);
			path = View;
			sourceTree = "<group>";
		};
		F00EBE13203C1FA200125618 /* Controller */ = {
			isa = PBXGroup;
			children = (
				F0F854D420470811007A794A /* MultipleChoiceViewController.swift */,
				F00EBDE2203C1F1600125618 /* AppDelegate.swift */,
				F00EBE19203C46BE00125618 /* InitialViewController.swift */,
				F00EBE1B203C4B2700125618 /* MenuViewController.swift */,
				F00EBE1D203C4B3B00125618 /* LoginViewController.swift */,
				F00EBE1F203C4B4E00125618 /* RegisterViewController.swift */,
				F00EBE21203C4E5A00125618 /* HomeViewController.swift */,
				F0F854D020470640007A794A /* InputAnswerViewController.swift */,
				F07AFCF0204D7D5C00F37658 /* SubTopicViewController.swift */,
				F07AFCF4204D9A3F00F37658 /* HelpPromptViewController.swift */,
				F0C871F5205969BF00B5AC34 /* DailyChallengeViewController.swift */,
				F05C698B20611A8D0057A6B0 /* VoiceInputViewController.swift */,
				F05C69A22063FFD50057A6B0 /* HandWritingViewController.swift */,
			);
			path = Controller;
			sourceTree = "<group>";
		};
		F00EBE14203C1FAA00125618 /* Services */ = {
			isa = PBXGroup;
			children = (
				F00EBE17203C235700125618 /* AuthorisationService.swift */,
				F0F854BC20459B8B007A794A /* DataService.swift */,
				F0BF7FBE2056ADF2005D4A27 /* UNService.swift */,
			);
			path = Services;
			sourceTree = "<group>";
		};
		F00EBE23203C790C00125618 /* Extensions */ = {
			isa = PBXGroup;
			children = (
				F00EBE24203C792600125618 /* View+Extension.swift */,
				F00EBE28203C808B00125618 /* UIButton+Extensions.swift */,
				F0F854CE2046DB1A007A794A /* UIView+Extensions.swift */,
				F07AFCEC2048436000F37658 /* UILabel+Extensions.swift */,
			);
			path = Extensions;
			sourceTree = "<group>";
		};
		F05C698D206279AB0057A6B0 /* microphone */ = {
			isa = PBXGroup;
			children = (
				F05C698F206279AB0057A6B0 /* microphone-0.png */,
				F05C6990206279AB0057A6B0 /* microphone-0@2x.png */,
				F05C6991206279AB0057A6B0 /* microphone-0@3x.png */,
				F05C6992206279AB0057A6B0 /* microphone-1.png */,
				F05C6993206279AB0057A6B0 /* microphone-1@2x.png */,
				F05C6994206279AB0057A6B0 /* microphone-1@3x.png */,
				F05C6995206279AB0057A6B0 /* microphone-2.png */,
				F05C6996206279AB0057A6B0 /* microphone-2@2x.png */,
				F05C6997206279AB0057A6B0 /* microphone-2@3x.png */,
			);
			path = microphone;
			sourceTree = "<group>";
		};
		F0A4DA02208393F900C8C0E2 /* sounds */ = {
			isa = PBXGroup;
			children = (
				F0EFF0D72094A8EB00E1CFBA /* incorrect-2.mp3 */,
				F0EFF0D52094A8DC00E1CFBA /* success-1.mp3 */,
				F0A4DA052083942B00C8C0E2 /* wrong.aiff */,
				F0A4DA032083941D00C8C0E2 /* correct.mp3 */,
			);
			path = sounds;
			sourceTree = "<group>";
		};
		F0A4DA0720862FE900C8C0E2 /* medals */ = {
			isa = PBXGroup;
			children = (
				F0CE660520A3053900C894D8 /* bronze-emitter.png */,
				F0CE660420A3053900C894D8 /* gold-emitter.png */,
				F0CE660620A3053900C894D8 /* silver-emitter.png */,
				F0A4DA2220864A0600C8C0E2 /* Rectangle.png */,
				F0A4DA2020864A0600C8C0E2 /* Rectangle@2x.png */,
				F0A4DA2120864A0600C8C0E2 /* Rectangle@3x.png */,
				F0A4DA0820862FE900C8C0E2 /* Gold@3x.png */,
				F0A4DA0920862FE900C8C0E2 /* No@2x.png */,
				F0A4DA0A20862FE900C8C0E2 /* No@3x.png */,
				F0A4DA0B20862FE900C8C0E2 /* Gold@2x.png */,
				F0A4DA0C20862FE900C8C0E2 /* Bronze.png */,
				F0A4DA0D20862FE900C8C0E2 /* Bronze@2x.png */,
				F0A4DA0E20862FE900C8C0E2 /* Bronze@3x.png */,
				F0A4DA0F20862FE900C8C0E2 /* Silver.png */,
				F0A4DA1020862FE900C8C0E2 /* Silver@3x.png */,
				F0A4DA1120862FE900C8C0E2 /* No@1x.png */,
				F0A4DA1220862FE900C8C0E2 /* Silver@2x.png */,
				F0A4DA1320862FE900C8C0E2 /* Gold.png */,
			);
			path = medals;
			sourceTree = "<group>";
		};
		F0BF7F372052F98E005D4A27 /* AppIcon.appiconset */ = {
			isa = PBXGroup;
			children = (
				F0BF7F382052F98E005D4A27 /* Contents.json */,
				F0BF7F392052F98E005D4A27 /* Icon-App-20x20@1x.png */,
				F0BF7F3A2052F98E005D4A27 /* Icon-App-20x20@2x.png */,
				F0BF7F3B2052F98E005D4A27 /* Icon-App-20x20@3x.png */,
				F0BF7F3C2052F98E005D4A27 /* Icon-App-29x29@1x.png */,
				F0BF7F3D2052F98E005D4A27 /* Icon-App-29x29@2x.png */,
				F0BF7F3E2052F98E005D4A27 /* Icon-App-29x29@3x.png */,
				F0BF7F3F2052F98E005D4A27 /* Icon-App-40x40@1x.png */,
				F0BF7F402052F98E005D4A27 /* Icon-App-40x40@2x.png */,
				F0BF7F412052F98E005D4A27 /* Icon-App-40x40@3x.png */,
				F0BF7F422052F98E005D4A27 /* Icon-App-57x57@1x.png */,
				F0BF7F432052F98E005D4A27 /* Icon-App-57x57@2x.png */,
				F0BF7F442052F98E005D4A27 /* Icon-App-60x60@1x.png */,
				F0BF7F452052F98E005D4A27 /* Icon-App-60x60@2x.png */,
				F0BF7F462052F98E005D4A27 /* Icon-App-60x60@3x.png */,
				F0BF7F472052F98E005D4A27 /* Icon-App-72x72@1x.png */,
				F0BF7F482052F98E005D4A27 /* Icon-App-72x72@2x.png */,
				F0BF7F492052F98E005D4A27 /* Icon-App-76x76@1x.png */,
				F0BF7F4A2052F98E005D4A27 /* Icon-App-76x76@2x.png */,
				F0BF7F4B2052F98E005D4A27 /* Icon-App-76x76@3x.png */,
				F0BF7F4C2052F98E005D4A27 /* Icon-App-83.5x83.5@2x.png */,
				F0BF7F4D2052F98E005D4A27 /* Icon-Small-50x50@1x.png */,
				F0BF7F4E2052F98E005D4A27 /* Icon-Small-50x50@2x.png */,
				F0BF7F4F2052F98E005D4A27 /* ItunesArtwork@2x.png */,
			);
			path = AppIcon.appiconset;
			sourceTree = "<group>";
		};
/* End PBXGroup section */

/* Begin PBXNativeTarget section */
		F00EBDDE203C1F1600125618 /* maths-app */ = {
			isa = PBXNativeTarget;
			buildConfigurationList = F00EBE07203C1F1700125618 /* Build configuration list for PBXNativeTarget "maths-app" */;
			buildPhases = (
				F00EBDDB203C1F1600125618 /* Sources */,
				F00EBDDC203C1F1600125618 /* Frameworks */,
				F00EBDDD203C1F1600125618 /* Resources */,
			);
			buildRules = (
			);
			dependencies = (
			);
			name = "maths-app";
			productName = "maths-app";
			productReference = F00EBDDF203C1F1600125618 /* Maths App.app */;
			productType = "com.apple.product-type.application";
		};
		F00EBDF2203C1F1600125618 /* maths-appTests */ = {
			isa = PBXNativeTarget;
			buildConfigurationList = F00EBE0A203C1F1700125618 /* Build configuration list for PBXNativeTarget "maths-appTests" */;
			buildPhases = (
				F00EBDEF203C1F1600125618 /* Sources */,
				F00EBDF0203C1F1600125618 /* Frameworks */,
				F00EBDF1203C1F1600125618 /* Resources */,
			);
			buildRules = (
			);
			dependencies = (
				F00EBDF5203C1F1600125618 /* PBXTargetDependency */,
			);
			name = "maths-appTests";
			productName = "maths-appTests";
			productReference = F00EBDF3203C1F1600125618 /* maths-appTests.xctest */;
			productType = "com.apple.product-type.bundle.unit-test";
		};
		F00EBDFD203C1F1600125618 /* maths-appUITests */ = {
			isa = PBXNativeTarget;
			buildConfigurationList = F00EBE0D203C1F1700125618 /* Build configuration list for PBXNativeTarget "maths-appUITests" */;
			buildPhases = (
				F00EBDFA203C1F1600125618 /* Sources */,
				F00EBDFB203C1F1600125618 /* Frameworks */,
				F00EBDFC203C1F1600125618 /* Resources */,
			);
			buildRules = (
			);
			dependencies = (
				F00EBE00203C1F1600125618 /* PBXTargetDependency */,
			);
			name = "maths-appUITests";
			productName = "maths-appUITests";
			productReference = F00EBDFE203C1F1600125618 /* maths-appUITests.xctest */;
			productType = "com.apple.product-type.bundle.ui-testing";
		};
/* End PBXNativeTarget section */

/* Begin PBXProject section */
		F00EBDD7203C1F1600125618 /* Project object */ = {
			isa = PBXProject;
			attributes = {
				LastSwiftUpdateCheck = 0920;
				LastUpgradeCheck = 0920;
				ORGANIZATIONNAME = landahoy55;
				TargetAttributes = {
					F00EBDDE203C1F1600125618 = {
						CreatedOnToolsVersion = 9.2;
						ProvisioningStyle = Automatic;
						SystemCapabilities = {
							com.apple.BackgroundModes = {
								enabled = 1;
							};
							com.apple.Push = {
								enabled = 1;
							};
						};
					};
					F00EBDF2203C1F1600125618 = {
						CreatedOnToolsVersion = 9.2;
						ProvisioningStyle = Automatic;
						TestTargetID = F00EBDDE203C1F1600125618;
					};
					F00EBDFD203C1F1600125618 = {
						CreatedOnToolsVersion = 9.2;
						ProvisioningStyle = Automatic;
						TestTargetID = F00EBDDE203C1F1600125618;
					};
				};
			};
			buildConfigurationList = F00EBDDA203C1F1600125618 /* Build configuration list for PBXProject "maths-app" */;
			compatibilityVersion = "Xcode 8.0";
			developmentRegion = en;
			hasScannedForEncodings = 0;
			knownRegions = (
				en,
				Base,
			);
			mainGroup = F00EBDD6203C1F1600125618;
			productRefGroup = F00EBDE0203C1F1600125618 /* Products */;
			projectDirPath = "";
			projectRoot = "";
			targets = (
				F00EBDDE203C1F1600125618 /* maths-app */,
				F00EBDF2203C1F1600125618 /* maths-appTests */,
				F00EBDFD203C1F1600125618 /* maths-appUITests */,
			);
		};
/* End PBXProject section */

/* Begin PBXResourcesBuildPhase section */
		F00EBDDD203C1F1600125618 /* Resources */ = {
			isa = PBXResourcesBuildPhase;
			buildActionMask = 2147483647;
			files = (
				F0A4DA062083942B00C8C0E2 /* wrong.aiff in Resources */,
				F0A4DA1720862FEA00C8C0E2 /* Gold@2x.png in Resources */,
				F0BF7F622052F98E005D4A27 /* Icon-App-76x76@2x.png in Resources */,
				F05C699C206279AC0057A6B0 /* microphone-1.png in Resources */,
				F0BF7F5D2052F98E005D4A27 /* Icon-App-60x60@2x.png in Resources */,
				F0BF7F552052F98E005D4A27 /* Icon-App-29x29@2x.png in Resources */,
				F0A4DA1B20862FEA00C8C0E2 /* Silver.png in Resources */,
				F0BF7F5C2052F98E005D4A27 /* Icon-App-60x60@1x.png in Resources */,
				F0BF7F642052F98E005D4A27 /* Icon-App-83.5x83.5@2x.png in Resources */,
				F05C699B206279AC0057A6B0 /* microphone-0@3x.png in Resources */,
				F0A4DA1C20862FEA00C8C0E2 /* Silver@3x.png in Resources */,
				F0A4DA2420864A0600C8C0E2 /* Rectangle@3x.png in Resources */,
				F0BF7F502052F98E005D4A27 /* Contents.json in Resources */,
				F0BF7F5A2052F98E005D4A27 /* Icon-App-57x57@1x.png in Resources */,
				F0A4DA1A20862FEA00C8C0E2 /* Bronze@3x.png in Resources */,
				F0BF7F522052F98E005D4A27 /* Icon-App-20x20@2x.png in Resources */,
				F0A4DA1E20862FEA00C8C0E2 /* Silver@2x.png in Resources */,
				F00EBDED203C1F1600125618 /* LaunchScreen.storyboard in Resources */,
				F0BF7F5F2052F98E005D4A27 /* Icon-App-72x72@1x.png in Resources */,
				F0C872042059880B00B5AC34 /* ChallengeNo.xib in Resources */,
				F0EFF0D62094A8DD00E1CFBA /* success-1.mp3 in Resources */,
				F0BF7F562052F98E005D4A27 /* Icon-App-29x29@3x.png in Resources */,
				F0A4DA1920862FEA00C8C0E2 /* Bronze@2x.png in Resources */,
				F0BF7F5E2052F98E005D4A27 /* Icon-App-60x60@3x.png in Resources */,
				F05C699D206279AC0057A6B0 /* microphone-1@2x.png in Resources */,
				F0A4DA1520862FEA00C8C0E2 /* No@2x.png in Resources */,
				F0BF7F5B2052F98E005D4A27 /* Icon-App-57x57@2x.png in Resources */,
				F0BF7F532052F98E005D4A27 /* Icon-App-20x20@3x.png in Resources */,
				F0A4DA1420862FEA00C8C0E2 /* Gold@3x.png in Resources */,
				F0A4DA2520864A0600C8C0E2 /* Rectangle.png in Resources */,
				F00EBDEA203C1F1600125618 /* Assets.xcassets in Resources */,
				F0BF7F652052F98E005D4A27 /* Icon-Small-50x50@1x.png in Resources */,
				F05C69A0206279AC0057A6B0 /* microphone-2@2x.png in Resources */,
				F0EFF0D82094A8EB00E1CFBA /* incorrect-2.mp3 in Resources */,
				F0BF7F602052F98E005D4A27 /* Icon-App-72x72@2x.png in Resources */,
				F00EBE2B203D7B2D00125618 /* onboarding.xib in Resources */,
				F0C872002059870400B5AC34 /* ChallengeGo.xib in Resources */,
				F05C6999206279AC0057A6B0 /* microphone-0.png in Resources */,
				F00EBDE8203C1F1600125618 /* Main.storyboard in Resources */,
				F0BF7F672052F98E005D4A27 /* ItunesArtwork@2x.png in Resources */,
				F0BF7F632052F98E005D4A27 /* Icon-App-76x76@3x.png in Resources */,
				F0A4DA1F20862FEA00C8C0E2 /* Gold.png in Resources */,
				F05C69A1206279AC0057A6B0 /* microphone-2@3x.png in Resources */,
				F0A4DA2320864A0600C8C0E2 /* Rectangle@2x.png in Resources */,
				F0BF7F572052F98E005D4A27 /* Icon-App-40x40@1x.png in Resources */,
				F0BF7F612052F98E005D4A27 /* Icon-App-76x76@1x.png in Resources */,
				F0BF7F512052F98E005D4A27 /* Icon-App-20x20@1x.png in Resources */,
				F05C699E206279AC0057A6B0 /* microphone-1@3x.png in Resources */,
				F0A4DA1620862FEA00C8C0E2 /* No@3x.png in Resources */,
				F0BF7F592052F98E005D4A27 /* Icon-App-40x40@3x.png in Resources */,
				F0A4DA1820862FEA00C8C0E2 /* Bronze.png in Resources */,
				F05C699F206279AC0057A6B0 /* microphone-2.png in Resources */,
				F0A4DA042083941D00C8C0E2 /* correct.mp3 in Resources */,
				F0A4DA1D20862FEA00C8C0E2 /* No@1x.png in Resources */,
				F0BF7F582052F98E005D4A27 /* Icon-App-40x40@2x.png in Resources */,
				F0BF7F542052F98E005D4A27 /* Icon-App-29x29@1x.png in Resources */,
				F0BF7F662052F98E005D4A27 /* Icon-Small-50x50@2x.png in Resources */,
				F05C699A206279AC0057A6B0 /* microphone-0@2x.png in Resources */,
			);
			runOnlyForDeploymentPostprocessing = 0;
		};
		F00EBDF1203C1F1600125618 /* Resources */ = {
			isa = PBXResourcesBuildPhase;
			buildActionMask = 2147483647;
			files = (
			);
			runOnlyForDeploymentPostprocessing = 0;
		};
		F00EBDFC203C1F1600125618 /* Resources */ = {
			isa = PBXResourcesBuildPhase;
			buildActionMask = 2147483647;
			files = (
			);
			runOnlyForDeploymentPostprocessing = 0;
		};
/* End PBXResourcesBuildPhase section */

/* Begin PBXSourcesBuildPhase section */
		F00EBDDB203C1F1600125618 /* Sources */ = {
			isa = PBXSourcesBuildPhase;
			buildActionMask = 2147483647;
			files = (
				F0CE660120A2FFD400C894D8 /* SilverEmitter.swift in Sources */,
				F0C871F6205969BF00B5AC34 /* DailyChallengeViewController.swift in Sources */,
				F0F854CB2046C483007A794A /* slightRoundedButtons.swift in Sources */,
				F05C69A520640E7A0057A6B0 /* CanvasView.swift in Sources */,
				F0934EE82050043D007A4295 /* ParentTopic.swift in Sources */,
				F00EBE1E203C4B3B00125618 /* LoginViewController.swift in Sources */,
				F037D17E205AA8E4004BE224 /* RoundButton.swift in Sources */,
				F0C872062059881900B5AC34 /* ChallengeNo.swift in Sources */,
				F0F854CF2046DB1A007A794A /* UIView+Extensions.swift in Sources */,
				F07AFCEF204D5ADE00F37658 /* menuCollectionViewCell.swift in Sources */,
				F0F854BD20459B8B007A794A /* DataService.swift in Sources */,
				F037D17A205A9635004BE224 /* Emitter.swift in Sources */,
				F0CE660320A3000C00C894D8 /* BronzeEmitter.swift in Sources */,
				F0934EF520504AE7007A4295 /* RetreivedTopic.swift in Sources */,
				F0F854D120470640007A794A /* InputAnswerViewController.swift in Sources */,
				F00EBE27203C7CBB00125618 /* RoundedButton.swift in Sources */,
				F0934EEA2050126D007A4295 /* User.swift in Sources */,
				F0F854C52045B3C7007A794A /* Question.swift in Sources */,
				F0934EF120503CD1007A4295 /* RetreivedSubtopicResult.swift in Sources */,
				F00EBDE3203C1F1600125618 /* AppDelegate.swift in Sources */,
				F0934EED205026D0007A4295 /* SubtopicResult.swift in Sources */,
				F00EBE20203C4B4E00125618 /* RegisterViewController.swift in Sources */,
				F0F854C12045B3A8007A794A /* Topic.swift in Sources */,
				F00EBE22203C4E5A00125618 /* HomeViewController.swift in Sources */,
				F037D17C205A9B46004BE224 /* ResultsPopUpView.swift in Sources */,
				F0934EF32050446E007A4295 /* RetreivedTopicResult.swift in Sources */,
				F0934EEF20502F44007A4295 /* TopicResult.swift in Sources */,
				F00EBE1C203C4B2700125618 /* MenuViewController.swift in Sources */,
				F0C872022059873B00B5AC34 /* ChallengeGo.swift in Sources */,
				F0BF7F362052CE93005D4A27 /* Account.swift in Sources */,
				F07AFCED2048436000F37658 /* UILabel+Extensions.swift in Sources */,
				F0F854D520470811007A794A /* MultipleChoiceViewController.swift in Sources */,
				F0BF7FBF2056ADF2005D4A27 /* UNService.swift in Sources */,
				F05C69A32063FFD60057A6B0 /* HandWritingViewController.swift in Sources */,
				F0F854CD2046C71D007A794A /* slightRoundedView.swift in Sources */,
				F05C69A7206414A60057A6B0 /* MNIST.mlmodel in Sources */,
				F00EBE18203C235700125618 /* AuthorisationService.swift in Sources */,
				F00EBE16203C215000125618 /* Constants.swift in Sources */,
				F07AFCF5204D9A3F00F37658 /* HelpPromptViewController.swift in Sources */,
				F0C872082059E53F00B5AC34 /* testAnimation.swift in Sources */,
				F07AFCF1204D7D5C00F37658 /* SubTopicViewController.swift in Sources */,
				F0BF7F692053FC07005D4A27 /* MidRoundedButton.swift in Sources */,
				F00EBE25203C792600125618 /* View+Extension.swift in Sources */,
				F0F854C72045B3D1007A794A /* Answer.swift in Sources */,
				F07AFCF3204D81F600F37658 /* SubTopicCell.swift in Sources */,
				F00EBE29203C808B00125618 /* UIButton+Extensions.swift in Sources */,
				F0CE65FF20A2FF7F00C894D8 /* GoldEmitter.swift in Sources */,
				F00EBE33203D80A900125618 /* onboardingView.swift in Sources */,
				F05C698C20611A8D0057A6B0 /* VoiceInputViewController.swift in Sources */,
				F00EBE1A203C46BE00125618 /* InitialViewController.swift in Sources */,
				F0F854C32045B3B9007A794A /* SubTopic.swift in Sources */,
				F05C37682060046E004F39F7 /* DailyChallenge.swift in Sources */,
			);
			runOnlyForDeploymentPostprocessing = 0;
		};
		F00EBDEF203C1F1600125618 /* Sources */ = {
			isa = PBXSourcesBuildPhase;
			buildActionMask = 2147483647;
			files = (
				F00EBE34203D9BAB00125618 /* AuthorisationService.swift in Sources */,
				F00EBDF8203C1F1600125618 /* maths_appTests.swift in Sources */,
				F00EBE36203D9BD000125618 /* Constants.swift in Sources */,
			);
			runOnlyForDeploymentPostprocessing = 0;
		};
		F00EBDFA203C1F1600125618 /* Sources */ = {
			isa = PBXSourcesBuildPhase;
			buildActionMask = 2147483647;
			files = (
				F00EBE35203D9BAD00125618 /* AuthorisationService.swift in Sources */,
				F00EBE03203C1F1600125618 /* maths_appUITests.swift in Sources */,
				F00EBE37203D9BD000125618 /* Constants.swift in Sources */,
			);
			runOnlyForDeploymentPostprocessing = 0;
		};
/* End PBXSourcesBuildPhase section */

/* Begin PBXTargetDependency section */
		F00EBDF5203C1F1600125618 /* PBXTargetDependency */ = {
			isa = PBXTargetDependency;
			target = F00EBDDE203C1F1600125618 /* maths-app */;
			targetProxy = F00EBDF4203C1F1600125618 /* PBXContainerItemProxy */;
		};
		F00EBE00203C1F1600125618 /* PBXTargetDependency */ = {
			isa = PBXTargetDependency;
			target = F00EBDDE203C1F1600125618 /* maths-app */;
			targetProxy = F00EBDFF203C1F1600125618 /* PBXContainerItemProxy */;
		};
/* End PBXTargetDependency section */

/* Begin PBXVariantGroup section */
		F00EBDE6203C1F1600125618 /* Main.storyboard */ = {
			isa = PBXVariantGroup;
			children = (
				F00EBDE7203C1F1600125618 /* Base */,
			);
			name = Main.storyboard;
			sourceTree = "<group>";
		};
		F00EBDEB203C1F1600125618 /* LaunchScreen.storyboard */ = {
			isa = PBXVariantGroup;
			children = (
				F00EBDEC203C1F1600125618 /* Base */,
			);
			name = LaunchScreen.storyboard;
			sourceTree = "<group>";
		};
/* End PBXVariantGroup section */

/* Begin XCBuildConfiguration section */
		F00EBE05203C1F1700125618 /* Debug */ = {
			isa = XCBuildConfiguration;
			buildSettings = {
				ALWAYS_SEARCH_USER_PATHS = NO;
				CLANG_ANALYZER_NONNULL = YES;
				CLANG_ANALYZER_NUMBER_OBJECT_CONVERSION = YES_AGGRESSIVE;
				CLANG_CXX_LANGUAGE_STANDARD = "gnu++14";
				CLANG_CXX_LIBRARY = "libc++";
				CLANG_ENABLE_MODULES = YES;
				CLANG_ENABLE_OBJC_ARC = YES;
				CLANG_WARN_BLOCK_CAPTURE_AUTORELEASING = YES;
				CLANG_WARN_BOOL_CONVERSION = YES;
				CLANG_WARN_COMMA = YES;
				CLANG_WARN_CONSTANT_CONVERSION = YES;
				CLANG_WARN_DIRECT_OBJC_ISA_USAGE = YES_ERROR;
				CLANG_WARN_DOCUMENTATION_COMMENTS = YES;
				CLANG_WARN_EMPTY_BODY = YES;
				CLANG_WARN_ENUM_CONVERSION = YES;
				CLANG_WARN_INFINITE_RECURSION = YES;
				CLANG_WARN_INT_CONVERSION = YES;
				CLANG_WARN_NON_LITERAL_NULL_CONVERSION = YES;
				CLANG_WARN_OBJC_LITERAL_CONVERSION = YES;
				CLANG_WARN_OBJC_ROOT_CLASS = YES_ERROR;
				CLANG_WARN_RANGE_LOOP_ANALYSIS = YES;
				CLANG_WARN_STRICT_PROTOTYPES = YES;
				CLANG_WARN_SUSPICIOUS_MOVE = YES;
				CLANG_WARN_UNGUARDED_AVAILABILITY = YES_AGGRESSIVE;
				CLANG_WARN_UNREACHABLE_CODE = YES;
				CLANG_WARN__DUPLICATE_METHOD_MATCH = YES;
				CODE_SIGN_IDENTITY = "iPhone Developer";
				COPY_PHASE_STRIP = NO;
				DEBUG_INFORMATION_FORMAT = dwarf;
				ENABLE_STRICT_OBJC_MSGSEND = YES;
				ENABLE_TESTABILITY = YES;
				GCC_C_LANGUAGE_STANDARD = gnu11;
				GCC_DYNAMIC_NO_PIC = NO;
				GCC_NO_COMMON_BLOCKS = YES;
				GCC_OPTIMIZATION_LEVEL = 0;
				GCC_PREPROCESSOR_DEFINITIONS = (
					"DEBUG=1",
					"$(inherited)",
				);
				GCC_WARN_64_TO_32_BIT_CONVERSION = YES;
				GCC_WARN_ABOUT_RETURN_TYPE = YES_ERROR;
				GCC_WARN_UNDECLARED_SELECTOR = YES;
				GCC_WARN_UNINITIALIZED_AUTOS = YES_AGGRESSIVE;
				GCC_WARN_UNUSED_FUNCTION = YES;
				GCC_WARN_UNUSED_VARIABLE = YES;
				IPHONEOS_DEPLOYMENT_TARGET = 11.2;
				MTL_ENABLE_DEBUG_INFO = YES;
				ONLY_ACTIVE_ARCH = YES;
				SDKROOT = iphoneos;
				SWIFT_ACTIVE_COMPILATION_CONDITIONS = DEBUG;
				SWIFT_OPTIMIZATION_LEVEL = "-Onone";
			};
			name = Debug;
		};
		F00EBE06203C1F1700125618 /* Release */ = {
			isa = XCBuildConfiguration;
			buildSettings = {
				ALWAYS_SEARCH_USER_PATHS = NO;
				CLANG_ANALYZER_NONNULL = YES;
				CLANG_ANALYZER_NUMBER_OBJECT_CONVERSION = YES_AGGRESSIVE;
				CLANG_CXX_LANGUAGE_STANDARD = "gnu++14";
				CLANG_CXX_LIBRARY = "libc++";
				CLANG_ENABLE_MODULES = YES;
				CLANG_ENABLE_OBJC_ARC = YES;
				CLANG_WARN_BLOCK_CAPTURE_AUTORELEASING = YES;
				CLANG_WARN_BOOL_CONVERSION = YES;
				CLANG_WARN_COMMA = YES;
				CLANG_WARN_CONSTANT_CONVERSION = YES;
				CLANG_WARN_DIRECT_OBJC_ISA_USAGE = YES_ERROR;
				CLANG_WARN_DOCUMENTATION_COMMENTS = YES;
				CLANG_WARN_EMPTY_BODY = YES;
				CLANG_WARN_ENUM_CONVERSION = YES;
				CLANG_WARN_INFINITE_RECURSION = YES;
				CLANG_WARN_INT_CONVERSION = YES;
				CLANG_WARN_NON_LITERAL_NULL_CONVERSION = YES;
				CLANG_WARN_OBJC_LITERAL_CONVERSION = YES;
				CLANG_WARN_OBJC_ROOT_CLASS = YES_ERROR;
				CLANG_WARN_RANGE_LOOP_ANALYSIS = YES;
				CLANG_WARN_STRICT_PROTOTYPES = YES;
				CLANG_WARN_SUSPICIOUS_MOVE = YES;
				CLANG_WARN_UNGUARDED_AVAILABILITY = YES_AGGRESSIVE;
				CLANG_WARN_UNREACHABLE_CODE = YES;
				CLANG_WARN__DUPLICATE_METHOD_MATCH = YES;
				CODE_SIGN_IDENTITY = "iPhone Developer";
				COPY_PHASE_STRIP = NO;
				DEBUG_INFORMATION_FORMAT = "dwarf-with-dsym";
				ENABLE_NS_ASSERTIONS = NO;
				ENABLE_STRICT_OBJC_MSGSEND = YES;
				GCC_C_LANGUAGE_STANDARD = gnu11;
				GCC_NO_COMMON_BLOCKS = YES;
				GCC_WARN_64_TO_32_BIT_CONVERSION = YES;
				GCC_WARN_ABOUT_RETURN_TYPE = YES_ERROR;
				GCC_WARN_UNDECLARED_SELECTOR = YES;
				GCC_WARN_UNINITIALIZED_AUTOS = YES_AGGRESSIVE;
				GCC_WARN_UNUSED_FUNCTION = YES;
				GCC_WARN_UNUSED_VARIABLE = YES;
				IPHONEOS_DEPLOYMENT_TARGET = 11.2;
				MTL_ENABLE_DEBUG_INFO = NO;
				SDKROOT = iphoneos;
				SWIFT_OPTIMIZATION_LEVEL = "-Owholemodule";
				VALIDATE_PRODUCT = YES;
			};
			name = Release;
		};
		F00EBE08203C1F1700125618 /* Debug */ = {
			isa = XCBuildConfiguration;
			buildSettings = {
				ASSETCATALOG_COMPILER_APPICON_NAME = AppIcon;
				CODE_SIGN_ENTITLEMENTS = "maths-app/Maths App.entitlements";
				CODE_SIGN_STYLE = Automatic;
				DEVELOPMENT_TEAM = 6YRYEG2DL8;
				INFOPLIST_FILE = Resources/Info.plist;
				LD_RUNPATH_SEARCH_PATHS = "$(inherited) @executable_path/Frameworks";
				PRODUCT_BUNDLE_IDENTIFIER = "com.landahoy55.maths-app";
				PRODUCT_NAME = "Maths App";
				SWIFT_VERSION = 4.0;
				TARGETED_DEVICE_FAMILY = 1;
			};
			name = Debug;
		};
		F00EBE09203C1F1700125618 /* Release */ = {
			isa = XCBuildConfiguration;
			buildSettings = {
				ASSETCATALOG_COMPILER_APPICON_NAME = AppIcon;
				CODE_SIGN_ENTITLEMENTS = "maths-app/Maths App.entitlements";
				CODE_SIGN_STYLE = Automatic;
				DEVELOPMENT_TEAM = 6YRYEG2DL8;
				INFOPLIST_FILE = Resources/Info.plist;
				LD_RUNPATH_SEARCH_PATHS = "$(inherited) @executable_path/Frameworks";
				PRODUCT_BUNDLE_IDENTIFIER = "com.landahoy55.maths-app";
				PRODUCT_NAME = "$(TARGET_NAME)";
				SWIFT_VERSION = 4.0;
				TARGETED_DEVICE_FAMILY = 1;
			};
			name = Release;
		};
		F00EBE0B203C1F1700125618 /* Debug */ = {
			isa = XCBuildConfiguration;
			buildSettings = {
				ALWAYS_EMBED_SWIFT_STANDARD_LIBRARIES = YES;
				BUNDLE_LOADER = "$(TEST_HOST)";
				CODE_SIGN_STYLE = Automatic;
				DEVELOPMENT_TEAM = 6YRYEG2DL8;
				INFOPLIST_FILE = Resources/Info.plist;
				LD_RUNPATH_SEARCH_PATHS = "$(inherited) @executable_path/Frameworks @loader_path/Frameworks";
				PRODUCT_BUNDLE_IDENTIFIER = "com.landahoy55.maths-appTests";
				PRODUCT_NAME = "$(TARGET_NAME)";
				SWIFT_VERSION = 4.0;
				TARGETED_DEVICE_FAMILY = "1,2";
				TEST_HOST = "$(BUILT_PRODUCTS_DIR)/maths-app.app/maths-app";
			};
			name = Debug;
		};
		F00EBE0C203C1F1700125618 /* Release */ = {
			isa = XCBuildConfiguration;
			buildSettings = {
				ALWAYS_EMBED_SWIFT_STANDARD_LIBRARIES = YES;
				BUNDLE_LOADER = "$(TEST_HOST)";
				CODE_SIGN_STYLE = Automatic;
				DEVELOPMENT_TEAM = 6YRYEG2DL8;
				INFOPLIST_FILE = Resources/Info.plist;
				LD_RUNPATH_SEARCH_PATHS = "$(inherited) @executable_path/Frameworks @loader_path/Frameworks";
				PRODUCT_BUNDLE_IDENTIFIER = "com.landahoy55.maths-appTests";
				PRODUCT_NAME = "$(TARGET_NAME)";
				SWIFT_VERSION = 4.0;
				TARGETED_DEVICE_FAMILY = "1,2";
				TEST_HOST = "$(BUILT_PRODUCTS_DIR)/maths-app.app/maths-app";
			};
			name = Release;
		};
		F00EBE0E203C1F1700125618 /* Debug */ = {
			isa = XCBuildConfiguration;
			buildSettings = {
				ALWAYS_EMBED_SWIFT_STANDARD_LIBRARIES = YES;
				CODE_SIGN_STYLE = Automatic;
				DEVELOPMENT_TEAM = 6YRYEG2DL8;
				INFOPLIST_FILE = Resources/Info.plist;
				LD_RUNPATH_SEARCH_PATHS = "$(inherited) @executable_path/Frameworks @loader_path/Frameworks";
				PRODUCT_BUNDLE_IDENTIFIER = "com.landahoy55.maths-appUITests";
				PRODUCT_NAME = "$(TARGET_NAME)";
				SWIFT_VERSION = 4.0;
				TARGETED_DEVICE_FAMILY = "1,2";
				TEST_TARGET_NAME = "maths-app";
			};
			name = Debug;
		};
		F00EBE0F203C1F1700125618 /* Release */ = {
			isa = XCBuildConfiguration;
			buildSettings = {
				ALWAYS_EMBED_SWIFT_STANDARD_LIBRARIES = YES;
				CODE_SIGN_STYLE = Automatic;
				DEVELOPMENT_TEAM = 6YRYEG2DL8;
				INFOPLIST_FILE = Resources/Info.plist;
				LD_RUNPATH_SEARCH_PATHS = "$(inherited) @executable_path/Frameworks @loader_path/Frameworks";
				PRODUCT_BUNDLE_IDENTIFIER = "com.landahoy55.maths-appUITests";
				PRODUCT_NAME = "$(TARGET_NAME)";
				SWIFT_VERSION = 4.0;
				TARGETED_DEVICE_FAMILY = "1,2";
				TEST_TARGET_NAME = "maths-app";
			};
			name = Release;
		};
/* End XCBuildConfiguration section */

/* Begin XCConfigurationList section */
		F00EBDDA203C1F1600125618 /* Build configuration list for PBXProject "maths-app" */ = {
			isa = XCConfigurationList;
			buildConfigurations = (
				F00EBE05203C1F1700125618 /* Debug */,
				F00EBE06203C1F1700125618 /* Release */,
			);
			defaultConfigurationIsVisible = 0;
			defaultConfigurationName = Release;
		};
		F00EBE07203C1F1700125618 /* Build configuration list for PBXNativeTarget "maths-app" */ = {
			isa = XCConfigurationList;
			buildConfigurations = (
				F00EBE08203C1F1700125618 /* Debug */,
				F00EBE09203C1F1700125618 /* Release */,
			);
			defaultConfigurationIsVisible = 0;
			defaultConfigurationName = Release;
		};
		F00EBE0A203C1F1700125618 /* Build configuration list for PBXNativeTarget "maths-appTests" */ = {
			isa = XCConfigurationList;
			buildConfigurations = (
				F00EBE0B203C1F1700125618 /* Debug */,
				F00EBE0C203C1F1700125618 /* Release */,
			);
			defaultConfigurationIsVisible = 0;
			defaultConfigurationName = Release;
		};
		F00EBE0D203C1F1700125618 /* Build configuration list for PBXNativeTarget "maths-appUITests" */ = {
			isa = XCConfigurationList;
			buildConfigurations = (
				F00EBE0E203C1F1700125618 /* Debug */,
				F00EBE0F203C1F1700125618 /* Release */,
			);
			defaultConfigurationIsVisible = 0;
			defaultConfigurationName = Release;
		};
/* End XCConfigurationList section */
	};
	rootObject = F00EBDD7203C1F1600125618 /* Project object */;
}
